<Solution>
  <Project Path="src/fiskaltrust.Middleware.Test.Launcher.v2/fiskaltrust.Middleware.Test.Launcher.v2.csproj" />
  <Project Path="..\..\queue\src\fiskaltrust.Middleware.Localization.QueueES\fiskaltrust.Middleware.Localization.QueueES.csproj" />
  <Project Path="..\..\scu-es\src\fiskaltrust.Middleware.SCU.ES.VeriFactu\fiskaltrust.Middleware.SCU.ES.VeriFactu.csproj" />
</Solution>
