
Microsoft Visual Studio Solution File, Format Version 12.00
# Visual Studio Version 17
VisualStudioVersion = 17.0.31903.59
MinimumVisualStudioVersion = 10.0.40219.1
Project("{9A19103F-16F7-4668-BE54-9A1E7A4F7556}") = "fiskaltrust.Middleware.SCU.PL.Abstraction", "src\fiskaltrust.Middleware.SCU.PL.Abstraction\fiskaltrust.Middleware.SCU.PL.Abstraction.csproj", "{06041BEC-3297-4274-8996-B5973CDBD2DC}"
EndProject
Project("{9A19103F-16F7-4668-BE54-9A1E7A4F7556}") = "fiskaltrust.Middleware.SCU.PL.InMemory", "src\fiskaltrust.Middleware.SCU.PL.InMemory\fiskaltrust.Middleware.SCU.PL.InMemory.csproj", "{C7FEC29F-3B82-4A56-BD27-55DE3302E9EA}"
EndProject
Project("{9A19103F-16F7-4668-BE54-9A1E7A4F7556}") = "fiskaltrust.Middleware.SCU.PL.UnitTest", "test\fiskaltrust.Middleware.SCU.PL.UnitTest\fiskaltrust.Middleware.SCU.PL.UnitTest.csproj", "{C893C9A1-D8C5-4F7A-8945-76669D7D0FB1}"
EndProject
Project("{2150E333-8FDC-42A3-9474-1A3956D46DE8}") = "src", "src", "{827E0CD3-B72D-47B6-A68D-7590B98EB39B}"
EndProject
Project("{FAE04EC0-301F-11D3-BF4B-00C04F79EFBC}") = "fiskaltrust.Middleware.SCU.PL.PosNet", "src\fiskaltrust.Middleware.SCU.PL.PosNet\fiskaltrust.Middleware.SCU.PL.PosNet.csproj", "{E8A70A32-57D7-43A5-978A-2381FA6A9C9D}"
EndProject
Global
	GlobalSection(SolutionConfigurationPlatforms) = preSolution
		Debug|Any CPU = Debug|Any CPU
		Debug|x64 = Debug|x64
		Debug|x86 = Debug|x86
		Release|Any CPU = Release|Any CPU
		Release|x64 = Release|x64
		Release|x86 = Release|x86
	EndGlobalSection
	GlobalSection(ProjectConfigurationPlatforms) = postSolution
		{06041BEC-3297-4274-8996-B5973CDBD2DC}.Debug|Any CPU.ActiveCfg = Debug|Any CPU
		{06041BEC-3297-4274-8996-B5973CDBD2DC}.Debug|Any CPU.Build.0 = Debug|Any CPU
		{06041BEC-3297-4274-8996-B5973CDBD2DC}.Debug|x64.ActiveCfg = Debug|Any CPU
		{06041BEC-3297-4274-8996-B5973CDBD2DC}.Debug|x64.Build.0 = Debug|Any CPU
		{06041BEC-3297-4274-8996-B5973CDBD2DC}.Debug|x86.ActiveCfg = Debug|Any CPU
		{06041BEC-3297-4274-8996-B5973CDBD2DC}.Debug|x86.Build.0 = Debug|Any CPU
		{06041BEC-3297-4274-8996-B5973CDBD2DC}.Release|Any CPU.ActiveCfg = Release|Any CPU
		{06041BEC-3297-4274-8996-B5973CDBD2DC}.Release|Any CPU.Build.0 = Release|Any CPU
		{06041BEC-3297-4274-8996-B5973CDBD2DC}.Release|x64.ActiveCfg = Release|Any CPU
		{06041BEC-3297-4274-8996-B5973CDBD2DC}.Release|x64.Build.0 = Release|Any CPU
		{06041BEC-3297-4274-8996-B5973CDBD2DC}.Release|x86.ActiveCfg = Release|Any CPU
		{06041BEC-3297-4274-8996-B5973CDBD2DC}.Release|x86.Build.0 = Release|Any CPU
		{C7FEC29F-3B82-4A56-BD27-55DE3302E9EA}.Debug|Any CPU.ActiveCfg = Debug|Any CPU
		{C7FEC29F-3B82-4A56-BD27-55DE3302E9EA}.Debug|Any CPU.Build.0 = Debug|Any CPU
		{C7FEC29F-3B82-4A56-BD27-55DE3302E9EA}.Debug|x64.ActiveCfg = Debug|Any CPU
		{C7FEC29F-3B82-4A56-BD27-55DE3302E9EA}.Debug|x64.Build.0 = Debug|Any CPU
		{C7FEC29F-3B82-4A56-BD27-55DE3302E9EA}.Debug|x86.ActiveCfg = Debug|Any CPU
		{C7FEC29F-3B82-4A56-BD27-55DE3302E9EA}.Debug|x86.Build.0 = Debug|Any CPU
		{C7FEC29F-3B82-4A56-BD27-55DE3302E9EA}.Release|Any CPU.ActiveCfg = Release|Any CPU
		{C7FEC29F-3B82-4A56-BD27-55DE3302E9EA}.Release|Any CPU.Build.0 = Release|Any CPU
		{C7FEC29F-3B82-4A56-BD27-55DE3302E9EA}.Release|x64.ActiveCfg = Release|Any CPU
		{C7FEC29F-3B82-4A56-BD27-55DE3302E9EA}.Release|x64.Build.0 = Release|Any CPU
		{C7FEC29F-3B82-4A56-BD27-55DE3302E9EA}.Release|x86.ActiveCfg = Release|Any CPU
		{C7FEC29F-3B82-4A56-BD27-55DE3302E9EA}.Release|x86.Build.0 = Release|Any CPU
		{C893C9A1-D8C5-4F7A-8945-76669D7D0FB1}.Debug|Any CPU.ActiveCfg = Debug|Any CPU
		{C893C9A1-D8C5-4F7A-8945-76669D7D0FB1}.Debug|Any CPU.Build.0 = Debug|Any CPU
		{C893C9A1-D8C5-4F7A-8945-76669D7D0FB1}.Debug|x64.ActiveCfg = Debug|Any CPU
		{C893C9A1-D8C5-4F7A-8945-76669D7D0FB1}.Debug|x64.Build.0 = Debug|Any CPU
		{C893C9A1-D8C5-4F7A-8945-76669D7D0FB1}.Debug|x86.ActiveCfg = Debug|Any CPU
		{C893C9A1-D8C5-4F7A-8945-76669D7D0FB1}.Debug|x86.Build.0 = Debug|Any CPU
		{C893C9A1-D8C5-4F7A-8945-76669D7D0FB1}.Release|Any CPU.ActiveCfg = Release|Any CPU
		{C893C9A1-D8C5-4F7A-8945-76669D7D0FB1}.Release|Any CPU.Build.0 = Release|Any CPU
		{C893C9A1-D8C5-4F7A-8945-76669D7D0FB1}.Release|x64.ActiveCfg = Release|Any CPU
		{C893C9A1-D8C5-4F7A-8945-76669D7D0FB1}.Release|x64.Build.0 = Release|Any CPU
		{C893C9A1-D8C5-4F7A-8945-76669D7D0FB1}.Release|x86.ActiveCfg = Release|Any CPU
		{C893C9A1-D8C5-4F7A-8945-76669D7D0FB1}.Release|x86.Build.0 = Release|Any CPU
		{E8A70A32-57D7-43A5-978A-2381FA6A9C9D}.Debug|Any CPU.ActiveCfg = Debug|Any CPU
		{E8A70A32-57D7-43A5-978A-2381FA6A9C9D}.Debug|Any CPU.Build.0 = Debug|Any CPU
		{E8A70A32-57D7-43A5-978A-2381FA6A9C9D}.Debug|x64.ActiveCfg = Debug|Any CPU
		{E8A70A32-57D7-43A5-978A-2381FA6A9C9D}.Debug|x64.Build.0 = Debug|Any CPU
		{E8A70A32-57D7-43A5-978A-2381FA6A9C9D}.Debug|x86.ActiveCfg = Debug|Any CPU
		{E8A70A32-57D7-43A5-978A-2381FA6A9C9D}.Debug|x86.Build.0 = Debug|Any CPU
		{E8A70A32-57D7-43A5-978A-2381FA6A9C9D}.Release|Any CPU.ActiveCfg = Release|Any CPU
		{E8A70A32-57D7-43A5-978A-2381FA6A9C9D}.Release|Any CPU.Build.0 = Release|Any CPU
		{E8A70A32-57D7-43A5-978A-2381FA6A9C9D}.Release|x64.ActiveCfg = Release|Any CPU
		{E8A70A32-57D7-43A5-978A-2381FA6A9C9D}.Release|x64.Build.0 = Release|Any CPU
		{E8A70A32-57D7-43A5-978A-2381FA6A9C9D}.Release|x86.ActiveCfg = Release|Any CPU
		{E8A70A32-57D7-43A5-978A-2381FA6A9C9D}.Release|x86.Build.0 = Release|Any CPU
	EndGlobalSection
	GlobalSection(SolutionProperties) = preSolution
		HideSolutionNode = FALSE
	EndGlobalSection
	GlobalSection(NestedProjects) = preSolution
		{E8A70A32-57D7-43A5-978A-2381FA6A9C9D} = {827E0CD3-B72D-47B6-A68D-7590B98EB39B}
	EndGlobalSection
EndGlobal
