
Microsoft Visual Studio Solution File, Format Version 12.00
# Visual Studio Version 17
VisualStudioVersion = 17.0.31521.260
MinimumVisualStudioVersion = 15.0.26124.0
Project("{2150E333-8FDC-42A3-9474-1A3956D46DE8}") = "src", "src", "{2F690A2B-96D1-45AC-BD36-E27D68422352}"
EndProject
Project("{9A19103F-16F7-4668-BE54-9A1E7A4F7556}") = "fiskaltrust.Middleware.SCU.DE.CryptoVision", "src\fiskaltrust.Middleware.SCU.DE.CryptoVision\fiskaltrust.Middleware.SCU.DE.CryptoVision.csproj", "{496F5E20-6531-4AA0-82DA-05ACB4C727C5}"
EndProject
Project("{2150E333-8FDC-42A3-9474-1A3956D46DE8}") = "test", "test", "{7201C6FB-C25C-45DB-9C0B-1355FEF13939}"
	ProjectSection(SolutionItems) = preProject
		test\Directory.Build.props = test\Directory.Build.props
	EndProjectSection
EndProject
Project("{2150E333-8FDC-42A3-9474-1A3956D46DE8}") = "Solution Items", "Solution Items", "{718206D0-4003-4B86-8DFC-19EBBA727846}"
	ProjectSection(SolutionItems) = preProject
		Directory.Build.props = Directory.Build.props
	EndProjectSection
EndProject
Project("{9A19103F-16F7-4668-BE54-9A1E7A4F7556}") = "fiskaltrust.Middleware.SCU.DE.Helpers.TLVLogParser", "src\fiskaltrust.Middleware.SCU.DE.Helpers.TLVLogParser\fiskaltrust.Middleware.SCU.DE.Helpers.TLVLogParser.csproj", "{B8B0F806-BB44-4C0E-8327-26119DEA0DAE}"
EndProject
Project("{9A19103F-16F7-4668-BE54-9A1E7A4F7556}") = "fiskaltrust.Middleware.SCU.DE.AcceptanceTest", "test\fiskaltrust.Middleware.SCU.DE.AcceptanceTest\fiskaltrust.Middleware.SCU.DE.AcceptanceTest.csproj", "{FB9B2029-8C60-47F4-BF56-70B9CF9E784E}"
EndProject
Project("{9A19103F-16F7-4668-BE54-9A1E7A4F7556}") = "fiskaltrust.Middleware.SCU.DE.Swissbit.IntegrationTest", "test\fiskaltrust.Middleware.SCU.DE.Swissbit.IntegrationTest\fiskaltrust.Middleware.SCU.DE.Swissbit.IntegrationTest.csproj", "{EB5435E3-418E-4A83-88E4-7AC7991E499D}"
EndProject
Project("{9A19103F-16F7-4668-BE54-9A1E7A4F7556}") = "fiskaltrust.Middleware.SCU.DE.Epson.IntegrationTest", "test\fiskaltrust.Middleware.SCU.DE.Epson.IntegrationTest\fiskaltrust.Middleware.SCU.DE.Epson.IntegrationTest.csproj", "{115522DE-DEC8-461B-AEDD-9D68631F9E57}"
EndProject
Project("{9A19103F-16F7-4668-BE54-9A1E7A4F7556}") = "fiskaltrust.Middleware.SCU.DE.Epson", "src\fiskaltrust.Middleware.SCU.DE.Epson\fiskaltrust.Middleware.SCU.DE.Epson.csproj", "{0AECD929-369B-4644-AF9A-16824AD9FFEE}"
EndProject
Project("{2150E333-8FDC-42A3-9474-1A3956D46DE8}") = "Helpers", "Helpers", "{860D3016-9A5C-4162-ACC8-B2031B80F697}"
EndProject
Project("{9A19103F-16F7-4668-BE54-9A1E7A4F7556}") = "fiskaltrust.Middleware.SCU.DE.Swissbit", "src\fiskaltrust.Middleware.SCU.DE.Swissbit\fiskaltrust.Middleware.SCU.DE.Swissbit.csproj", "{13BBFBA8-0991-484C-8626-A62062119E38}"
EndProject
Project("{9A19103F-16F7-4668-BE54-9A1E7A4F7556}") = "fiskaltrust.Middleware.SCU.DE.Test.Launcher", "test\Manual\fiskaltrust.Middleware.SCU.DE.Test.Launcher\fiskaltrust.Middleware.SCU.DE.Test.Launcher.csproj", "{C00787F3-B5C1-413B-813A-57E6168E7661}"
EndProject
Project("{2150E333-8FDC-42A3-9474-1A3956D46DE8}") = "Manual", "Manual", "{800DAE8D-CCF0-43E6-A974-916FB22C112A}"
EndProject
Project("{9A19103F-16F7-4668-BE54-9A1E7A4F7556}") = "fiskaltrust.Middleware.SCU.DE.DieboldNixdorf.IntegrationTest", "test\fiskaltrust.Middleware.SCU.DE.DieboldNixdorf.IntegrationTest\fiskaltrust.Middleware.SCU.DE.DieboldNixdorf.IntegrationTest.csproj", "{DFAC4C0A-A019-4E09-B9A1-0CBEF132335E}"
EndProject
Project("{9A19103F-16F7-4668-BE54-9A1E7A4F7556}") = "fiskaltrust.Middleware.SCU.DE.DieboldNixdorf", "src\fiskaltrust.Middleware.SCU.DE.DieboldNixdorf\fiskaltrust.Middleware.SCU.DE.DieboldNixdorf.csproj", "{B07FB8A2-491B-4A8F-A5AB-317C6590842F}"
EndProject
Project("{9A19103F-16F7-4668-BE54-9A1E7A4F7556}") = "fiskaltrust.Middleware.SCU.DE.Test.Tools", "test\Manual\fiskaltrust.Middleware.SCU.DE.Test.Tools\fiskaltrust.Middleware.SCU.DE.Test.Tools.csproj", "{61435800-2A02-426E-AD09-8E7C29440F26}"
EndProject
Project("{9A19103F-16F7-4668-BE54-9A1E7A4F7556}") = "fiskaltrust.Middleware.SCU.DE.DeutscheFiskal.IntegrationTest", "test\fiskaltrust.Middleware.SCU.DE.DeutscheFiskal.IntegrationTest\fiskaltrust.Middleware.SCU.DE.DeutscheFiskal.IntegrationTest.csproj", "{5EAA0E44-A8AF-4D00-9328-7D97F52C9065}"
EndProject
Project("{9A19103F-16F7-4668-BE54-9A1E7A4F7556}") = "fiskaltrust.Middleware.SCU.DE.DeutscheFiskal", "src\fiskaltrust.Middleware.SCU.DE.DeutscheFiskal\fiskaltrust.Middleware.SCU.DE.DeutscheFiskal.csproj", "{35B73C77-00FD-4E0A-885D-D2795D4B32C0}"
EndProject
Project("{9A19103F-16F7-4668-BE54-9A1E7A4F7556}") = "fiskaltrust.Middleware.SCU.DE.CryptoVision.IntegrationTest", "test\fiskaltrust.Middleware.SCU.DE.CryptoVision.IntegrationTest\fiskaltrust.Middleware.SCU.DE.CryptoVision.IntegrationTest.csproj", "{2AA0A5DA-A5EB-411B-B9CC-E353B2E4ABC6}"
EndProject
Project("{9A19103F-16F7-4668-BE54-9A1E7A4F7556}") = "fiskaltrust.Middleware.SCU.DE.SwissbitCloud", "src\fiskaltrust.Middleware.SCU.DE.SwissbitCloud\fiskaltrust.Middleware.SCU.DE.SwissbitCloud.csproj", "{C9E63E0F-3727-4BD6-ADE0-E8C7CF25579F}"
EndProject
Project("{9A19103F-16F7-4668-BE54-9A1E7A4F7556}") = "fiskaltrust.Middleware.SCU.DE.SwissbitCloud.IntegrationTest", "test\fiskaltrust.Middleware.SCU.DE.SwissbitCloud.IntegrationTest\fiskaltrust.Middleware.SCU.DE.SwissbitCloud.IntegrationTest.csproj", "{8A4F0620-6AFC-4BE3-B1EF-8334FB4978CE}"
EndProject
Project("{9A19103F-16F7-4668-BE54-9A1E7A4F7556}") = "fiskaltrust.Middleware.SCU.DE.InMemory", "src\fiskaltrust.Middleware.SCU.DE.InMemory\fiskaltrust.Middleware.SCU.DE.InMemory.csproj", "{6E97914D-58CD-42BC-BFFB-D16EAC0B25A2}"
EndProject
Project("{9A19103F-16F7-4668-BE54-9A1E7A4F7556}") = "fiskaltrust.Middleware.SCU.DE.InMemory.UnitTest", "test\fiskaltrust.Middleware.SCU.DE.InMemory.UnitTest\fiskaltrust.Middleware.SCU.DE.InMemory.UnitTest.csproj", "{B2AA2154-DD7D-4114-94C0-D477D124B71E}"
EndProject
Project("{9A19103F-16F7-4668-BE54-9A1E7A4F7556}") = "fiskaltrust.Middleware.SCU.DE.FiskalyCertified", "src\fiskaltrust.Middleware.SCU.DE.FiskalyCertified\fiskaltrust.Middleware.SCU.DE.FiskalyCertified.csproj", "{7AF5FB9E-29D7-4410-B5A3-1B0A3D9E1F49}"
EndProject
Project("{9A19103F-16F7-4668-BE54-9A1E7A4F7556}") = "fiskaltrust.Middleware.SCU.DE.FiskalyCertified.IntegrationTest", "test\fiskaltrust.Middleware.SCU.DE.FiskalyCertified.IntegrationTest\fiskaltrust.Middleware.SCU.DE.FiskalyCertified.IntegrationTest.csproj", "{AC4C74D6-C27A-4BA4-88CD-5194C7EC28DD}"
EndProject
Project("{FAE04EC0-301F-11D3-BF4B-00C04F79EFBC}") = "fiskaltrust.Middleware.SCU.DE.SwissbitAndroid", "src\fiskaltrust.Middleware.SCU.DE.SwissbitAndroid\fiskaltrust.Middleware.SCU.DE.SwissbitAndroid.csproj", "{05DC89A3-8C70-43B6-8FEB-52A25FF3C0F2}"
EndProject
Global
	GlobalSection(SolutionConfigurationPlatforms) = preSolution
		Debug|Any CPU = Debug|Any CPU
		Debug|x64 = Debug|x64
		Debug|x86 = Debug|x86
		Release|Any CPU = Release|Any CPU
		Release|x64 = Release|x64
		Release|x86 = Release|x86
	EndGlobalSection
	GlobalSection(ProjectConfigurationPlatforms) = postSolution
		{496F5E20-6531-4AA0-82DA-05ACB4C727C5}.Debug|Any CPU.ActiveCfg = Debug|Any CPU
		{496F5E20-6531-4AA0-82DA-05ACB4C727C5}.Debug|Any CPU.Build.0 = Debug|Any CPU
		{496F5E20-6531-4AA0-82DA-05ACB4C727C5}.Debug|x64.ActiveCfg = Debug|Any CPU
		{496F5E20-6531-4AA0-82DA-05ACB4C727C5}.Debug|x64.Build.0 = Debug|Any CPU
		{496F5E20-6531-4AA0-82DA-05ACB4C727C5}.Debug|x86.ActiveCfg = Debug|Any CPU
		{496F5E20-6531-4AA0-82DA-05ACB4C727C5}.Debug|x86.Build.0 = Debug|Any CPU
		{496F5E20-6531-4AA0-82DA-05ACB4C727C5}.Release|Any CPU.ActiveCfg = Release|Any CPU
		{496F5E20-6531-4AA0-82DA-05ACB4C727C5}.Release|Any CPU.Build.0 = Release|Any CPU
		{496F5E20-6531-4AA0-82DA-05ACB4C727C5}.Release|x64.ActiveCfg = Release|Any CPU
		{496F5E20-6531-4AA0-82DA-05ACB4C727C5}.Release|x64.Build.0 = Release|Any CPU
		{496F5E20-6531-4AA0-82DA-05ACB4C727C5}.Release|x86.ActiveCfg = Release|Any CPU
		{496F5E20-6531-4AA0-82DA-05ACB4C727C5}.Release|x86.Build.0 = Release|Any CPU
		{B8B0F806-BB44-4C0E-8327-26119DEA0DAE}.Debug|Any CPU.ActiveCfg = Debug|Any CPU
		{B8B0F806-BB44-4C0E-8327-26119DEA0DAE}.Debug|Any CPU.Build.0 = Debug|Any CPU
		{B8B0F806-BB44-4C0E-8327-26119DEA0DAE}.Debug|x64.ActiveCfg = Debug|Any CPU
		{B8B0F806-BB44-4C0E-8327-26119DEA0DAE}.Debug|x64.Build.0 = Debug|Any CPU
		{B8B0F806-BB44-4C0E-8327-26119DEA0DAE}.Debug|x86.ActiveCfg = Debug|Any CPU
		{B8B0F806-BB44-4C0E-8327-26119DEA0DAE}.Debug|x86.Build.0 = Debug|Any CPU
		{B8B0F806-BB44-4C0E-8327-26119DEA0DAE}.Release|Any CPU.ActiveCfg = Release|Any CPU
		{B8B0F806-BB44-4C0E-8327-26119DEA0DAE}.Release|Any CPU.Build.0 = Release|Any CPU
		{B8B0F806-BB44-4C0E-8327-26119DEA0DAE}.Release|x64.ActiveCfg = Release|Any CPU
		{B8B0F806-BB44-4C0E-8327-26119DEA0DAE}.Release|x64.Build.0 = Release|Any CPU
		{B8B0F806-BB44-4C0E-8327-26119DEA0DAE}.Release|x86.ActiveCfg = Release|Any CPU
		{B8B0F806-BB44-4C0E-8327-26119DEA0DAE}.Release|x86.Build.0 = Release|Any CPU
		{FB9B2029-8C60-47F4-BF56-70B9CF9E784E}.Debug|Any CPU.ActiveCfg = Debug|Any CPU
		{FB9B2029-8C60-47F4-BF56-70B9CF9E784E}.Debug|Any CPU.Build.0 = Debug|Any CPU
		{FB9B2029-8C60-47F4-BF56-70B9CF9E784E}.Debug|x64.ActiveCfg = Debug|Any CPU
		{FB9B2029-8C60-47F4-BF56-70B9CF9E784E}.Debug|x64.Build.0 = Debug|Any CPU
		{FB9B2029-8C60-47F4-BF56-70B9CF9E784E}.Debug|x86.ActiveCfg = Debug|Any CPU
		{FB9B2029-8C60-47F4-BF56-70B9CF9E784E}.Debug|x86.Build.0 = Debug|Any CPU
		{FB9B2029-8C60-47F4-BF56-70B9CF9E784E}.Release|Any CPU.ActiveCfg = Release|Any CPU
		{FB9B2029-8C60-47F4-BF56-70B9CF9E784E}.Release|Any CPU.Build.0 = Release|Any CPU
		{FB9B2029-8C60-47F4-BF56-70B9CF9E784E}.Release|x64.ActiveCfg = Release|Any CPU
		{FB9B2029-8C60-47F4-BF56-70B9CF9E784E}.Release|x64.Build.0 = Release|Any CPU
		{FB9B2029-8C60-47F4-BF56-70B9CF9E784E}.Release|x86.ActiveCfg = Release|Any CPU
		{FB9B2029-8C60-47F4-BF56-70B9CF9E784E}.Release|x86.Build.0 = Release|Any CPU
		{EB5435E3-418E-4A83-88E4-7AC7991E499D}.Debug|Any CPU.ActiveCfg = Debug|Any CPU
		{EB5435E3-418E-4A83-88E4-7AC7991E499D}.Debug|Any CPU.Build.0 = Debug|Any CPU
		{EB5435E3-418E-4A83-88E4-7AC7991E499D}.Debug|x64.ActiveCfg = Debug|Any CPU
		{EB5435E3-418E-4A83-88E4-7AC7991E499D}.Debug|x64.Build.0 = Debug|Any CPU
		{EB5435E3-418E-4A83-88E4-7AC7991E499D}.Debug|x86.ActiveCfg = Debug|Any CPU
		{EB5435E3-418E-4A83-88E4-7AC7991E499D}.Debug|x86.Build.0 = Debug|Any CPU
		{EB5435E3-418E-4A83-88E4-7AC7991E499D}.Release|Any CPU.ActiveCfg = Release|Any CPU
		{EB5435E3-418E-4A83-88E4-7AC7991E499D}.Release|Any CPU.Build.0 = Release|Any CPU
		{EB5435E3-418E-4A83-88E4-7AC7991E499D}.Release|x64.ActiveCfg = Release|Any CPU
		{EB5435E3-418E-4A83-88E4-7AC7991E499D}.Release|x64.Build.0 = Release|Any CPU
		{EB5435E3-418E-4A83-88E4-7AC7991E499D}.Release|x86.ActiveCfg = Release|Any CPU
		{EB5435E3-418E-4A83-88E4-7AC7991E499D}.Release|x86.Build.0 = Release|Any CPU
		{115522DE-DEC8-461B-AEDD-9D68631F9E57}.Debug|Any CPU.ActiveCfg = Debug|Any CPU
		{115522DE-DEC8-461B-AEDD-9D68631F9E57}.Debug|Any CPU.Build.0 = Debug|Any CPU
		{115522DE-DEC8-461B-AEDD-9D68631F9E57}.Debug|x64.ActiveCfg = Debug|Any CPU
		{115522DE-DEC8-461B-AEDD-9D68631F9E57}.Debug|x64.Build.0 = Debug|Any CPU
		{115522DE-DEC8-461B-AEDD-9D68631F9E57}.Debug|x86.ActiveCfg = Debug|Any CPU
		{115522DE-DEC8-461B-AEDD-9D68631F9E57}.Debug|x86.Build.0 = Debug|Any CPU
		{115522DE-DEC8-461B-AEDD-9D68631F9E57}.Release|Any CPU.ActiveCfg = Release|Any CPU
		{115522DE-DEC8-461B-AEDD-9D68631F9E57}.Release|Any CPU.Build.0 = Release|Any CPU
		{115522DE-DEC8-461B-AEDD-9D68631F9E57}.Release|x64.ActiveCfg = Release|Any CPU
		{115522DE-DEC8-461B-AEDD-9D68631F9E57}.Release|x64.Build.0 = Release|Any CPU
		{115522DE-DEC8-461B-AEDD-9D68631F9E57}.Release|x86.ActiveCfg = Release|Any CPU
		{115522DE-DEC8-461B-AEDD-9D68631F9E57}.Release|x86.Build.0 = Release|Any CPU
		{0AECD929-369B-4644-AF9A-16824AD9FFEE}.Debug|Any CPU.ActiveCfg = Debug|Any CPU
		{0AECD929-369B-4644-AF9A-16824AD9FFEE}.Debug|Any CPU.Build.0 = Debug|Any CPU
		{0AECD929-369B-4644-AF9A-16824AD9FFEE}.Debug|x64.ActiveCfg = Debug|Any CPU
		{0AECD929-369B-4644-AF9A-16824AD9FFEE}.Debug|x64.Build.0 = Debug|Any CPU
		{0AECD929-369B-4644-AF9A-16824AD9FFEE}.Debug|x86.ActiveCfg = Debug|Any CPU
		{0AECD929-369B-4644-AF9A-16824AD9FFEE}.Debug|x86.Build.0 = Debug|Any CPU
		{0AECD929-369B-4644-AF9A-16824AD9FFEE}.Release|Any CPU.ActiveCfg = Release|Any CPU
		{0AECD929-369B-4644-AF9A-16824AD9FFEE}.Release|Any CPU.Build.0 = Release|Any CPU
		{0AECD929-369B-4644-AF9A-16824AD9FFEE}.Release|x64.ActiveCfg = Release|Any CPU
		{0AECD929-369B-4644-AF9A-16824AD9FFEE}.Release|x64.Build.0 = Release|Any CPU
		{0AECD929-369B-4644-AF9A-16824AD9FFEE}.Release|x86.ActiveCfg = Release|Any CPU
		{0AECD929-369B-4644-AF9A-16824AD9FFEE}.Release|x86.Build.0 = Release|Any CPU
		{13BBFBA8-0991-484C-8626-A62062119E38}.Debug|Any CPU.ActiveCfg = Debug|Any CPU
		{13BBFBA8-0991-484C-8626-A62062119E38}.Debug|Any CPU.Build.0 = Debug|Any CPU
		{13BBFBA8-0991-484C-8626-A62062119E38}.Debug|x64.ActiveCfg = Debug|Any CPU
		{13BBFBA8-0991-484C-8626-A62062119E38}.Debug|x64.Build.0 = Debug|Any CPU
		{13BBFBA8-0991-484C-8626-A62062119E38}.Debug|x86.ActiveCfg = Debug|Any CPU
		{13BBFBA8-0991-484C-8626-A62062119E38}.Debug|x86.Build.0 = Debug|Any CPU
		{13BBFBA8-0991-484C-8626-A62062119E38}.Release|Any CPU.ActiveCfg = Release|Any CPU
		{13BBFBA8-0991-484C-8626-A62062119E38}.Release|Any CPU.Build.0 = Release|Any CPU
		{13BBFBA8-0991-484C-8626-A62062119E38}.Release|x64.ActiveCfg = Release|Any CPU
		{13BBFBA8-0991-484C-8626-A62062119E38}.Release|x64.Build.0 = Release|Any CPU
		{13BBFBA8-0991-484C-8626-A62062119E38}.Release|x86.ActiveCfg = Release|Any CPU
		{13BBFBA8-0991-484C-8626-A62062119E38}.Release|x86.Build.0 = Release|Any CPU
		{C00787F3-B5C1-413B-813A-57E6168E7661}.Debug|Any CPU.ActiveCfg = Debug|Any CPU
		{C00787F3-B5C1-413B-813A-57E6168E7661}.Debug|Any CPU.Build.0 = Debug|Any CPU
		{C00787F3-B5C1-413B-813A-57E6168E7661}.Debug|x64.ActiveCfg = Debug|Any CPU
		{C00787F3-B5C1-413B-813A-57E6168E7661}.Debug|x64.Build.0 = Debug|Any CPU
		{C00787F3-B5C1-413B-813A-57E6168E7661}.Debug|x86.ActiveCfg = Debug|Any CPU
		{C00787F3-B5C1-413B-813A-57E6168E7661}.Debug|x86.Build.0 = Debug|Any CPU
		{C00787F3-B5C1-413B-813A-57E6168E7661}.Release|Any CPU.ActiveCfg = Release|Any CPU
		{C00787F3-B5C1-413B-813A-57E6168E7661}.Release|Any CPU.Build.0 = Release|Any CPU
		{C00787F3-B5C1-413B-813A-57E6168E7661}.Release|x64.ActiveCfg = Release|Any CPU
		{C00787F3-B5C1-413B-813A-57E6168E7661}.Release|x64.Build.0 = Release|Any CPU
		{C00787F3-B5C1-413B-813A-57E6168E7661}.Release|x86.ActiveCfg = Release|Any CPU
		{C00787F3-B5C1-413B-813A-57E6168E7661}.Release|x86.Build.0 = Release|Any CPU
		{DFAC4C0A-A019-4E09-B9A1-0CBEF132335E}.Debug|Any CPU.ActiveCfg = Debug|Any CPU
		{DFAC4C0A-A019-4E09-B9A1-0CBEF132335E}.Debug|Any CPU.Build.0 = Debug|Any CPU
		{DFAC4C0A-A019-4E09-B9A1-0CBEF132335E}.Debug|x64.ActiveCfg = Debug|Any CPU
		{DFAC4C0A-A019-4E09-B9A1-0CBEF132335E}.Debug|x64.Build.0 = Debug|Any CPU
		{DFAC4C0A-A019-4E09-B9A1-0CBEF132335E}.Debug|x86.ActiveCfg = Debug|Any CPU
		{DFAC4C0A-A019-4E09-B9A1-0CBEF132335E}.Debug|x86.Build.0 = Debug|Any CPU
		{DFAC4C0A-A019-4E09-B9A1-0CBEF132335E}.Release|Any CPU.ActiveCfg = Release|Any CPU
		{DFAC4C0A-A019-4E09-B9A1-0CBEF132335E}.Release|Any CPU.Build.0 = Release|Any CPU
		{DFAC4C0A-A019-4E09-B9A1-0CBEF132335E}.Release|x64.ActiveCfg = Release|Any CPU
		{DFAC4C0A-A019-4E09-B9A1-0CBEF132335E}.Release|x64.Build.0 = Release|Any CPU
		{DFAC4C0A-A019-4E09-B9A1-0CBEF132335E}.Release|x86.ActiveCfg = Release|Any CPU
		{DFAC4C0A-A019-4E09-B9A1-0CBEF132335E}.Release|x86.Build.0 = Release|Any CPU
		{B07FB8A2-491B-4A8F-A5AB-317C6590842F}.Debug|Any CPU.ActiveCfg = Debug|Any CPU
		{B07FB8A2-491B-4A8F-A5AB-317C6590842F}.Debug|Any CPU.Build.0 = Debug|Any CPU
		{B07FB8A2-491B-4A8F-A5AB-317C6590842F}.Debug|x64.ActiveCfg = Debug|Any CPU
		{B07FB8A2-491B-4A8F-A5AB-317C6590842F}.Debug|x64.Build.0 = Debug|Any CPU
		{B07FB8A2-491B-4A8F-A5AB-317C6590842F}.Debug|x86.ActiveCfg = Debug|Any CPU
		{B07FB8A2-491B-4A8F-A5AB-317C6590842F}.Debug|x86.Build.0 = Debug|Any CPU
		{B07FB8A2-491B-4A8F-A5AB-317C6590842F}.Release|Any CPU.ActiveCfg = Release|Any CPU
		{B07FB8A2-491B-4A8F-A5AB-317C6590842F}.Release|Any CPU.Build.0 = Release|Any CPU
		{B07FB8A2-491B-4A8F-A5AB-317C6590842F}.Release|x64.ActiveCfg = Release|Any CPU
		{B07FB8A2-491B-4A8F-A5AB-317C6590842F}.Release|x64.Build.0 = Release|Any CPU
		{B07FB8A2-491B-4A8F-A5AB-317C6590842F}.Release|x86.ActiveCfg = Release|Any CPU
		{B07FB8A2-491B-4A8F-A5AB-317C6590842F}.Release|x86.Build.0 = Release|Any CPU
		{61435800-2A02-426E-AD09-8E7C29440F26}.Debug|Any CPU.ActiveCfg = Debug|Any CPU
		{61435800-2A02-426E-AD09-8E7C29440F26}.Debug|Any CPU.Build.0 = Debug|Any CPU
		{61435800-2A02-426E-AD09-8E7C29440F26}.Debug|x64.ActiveCfg = Debug|Any CPU
		{61435800-2A02-426E-AD09-8E7C29440F26}.Debug|x64.Build.0 = Debug|Any CPU
		{61435800-2A02-426E-AD09-8E7C29440F26}.Debug|x86.ActiveCfg = Debug|Any CPU
		{61435800-2A02-426E-AD09-8E7C29440F26}.Debug|x86.Build.0 = Debug|Any CPU
		{61435800-2A02-426E-AD09-8E7C29440F26}.Release|Any CPU.ActiveCfg = Release|Any CPU
		{61435800-2A02-426E-AD09-8E7C29440F26}.Release|Any CPU.Build.0 = Release|Any CPU
		{61435800-2A02-426E-AD09-8E7C29440F26}.Release|x64.ActiveCfg = Release|Any CPU
		{61435800-2A02-426E-AD09-8E7C29440F26}.Release|x64.Build.0 = Release|Any CPU
		{61435800-2A02-426E-AD09-8E7C29440F26}.Release|x86.ActiveCfg = Release|Any CPU
		{61435800-2A02-426E-AD09-8E7C29440F26}.Release|x86.Build.0 = Release|Any CPU
		{5EAA0E44-A8AF-4D00-9328-7D97F52C9065}.Debug|Any CPU.ActiveCfg = Debug|Any CPU
		{5EAA0E44-A8AF-4D00-9328-7D97F52C9065}.Debug|Any CPU.Build.0 = Debug|Any CPU
		{5EAA0E44-A8AF-4D00-9328-7D97F52C9065}.Debug|x64.ActiveCfg = Debug|Any CPU
		{5EAA0E44-A8AF-4D00-9328-7D97F52C9065}.Debug|x64.Build.0 = Debug|Any CPU
		{5EAA0E44-A8AF-4D00-9328-7D97F52C9065}.Debug|x86.ActiveCfg = Debug|Any CPU
		{5EAA0E44-A8AF-4D00-9328-7D97F52C9065}.Debug|x86.Build.0 = Debug|Any CPU
		{5EAA0E44-A8AF-4D00-9328-7D97F52C9065}.Release|Any CPU.ActiveCfg = Release|Any CPU
		{5EAA0E44-A8AF-4D00-9328-7D97F52C9065}.Release|Any CPU.Build.0 = Release|Any CPU
		{5EAA0E44-A8AF-4D00-9328-7D97F52C9065}.Release|x64.ActiveCfg = Release|Any CPU
		{5EAA0E44-A8AF-4D00-9328-7D97F52C9065}.Release|x64.Build.0 = Release|Any CPU
		{5EAA0E44-A8AF-4D00-9328-7D97F52C9065}.Release|x86.ActiveCfg = Release|Any CPU
		{5EAA0E44-A8AF-4D00-9328-7D97F52C9065}.Release|x86.Build.0 = Release|Any CPU
		{35B73C77-00FD-4E0A-885D-D2795D4B32C0}.Debug|Any CPU.ActiveCfg = Debug|Any CPU
		{35B73C77-00FD-4E0A-885D-D2795D4B32C0}.Debug|Any CPU.Build.0 = Debug|Any CPU
		{35B73C77-00FD-4E0A-885D-D2795D4B32C0}.Debug|x64.ActiveCfg = Debug|Any CPU
		{35B73C77-00FD-4E0A-885D-D2795D4B32C0}.Debug|x64.Build.0 = Debug|Any CPU
		{35B73C77-00FD-4E0A-885D-D2795D4B32C0}.Debug|x86.ActiveCfg = Debug|Any CPU
		{35B73C77-00FD-4E0A-885D-D2795D4B32C0}.Debug|x86.Build.0 = Debug|Any CPU
		{35B73C77-00FD-4E0A-885D-D2795D4B32C0}.Release|Any CPU.ActiveCfg = Release|Any CPU
		{35B73C77-00FD-4E0A-885D-D2795D4B32C0}.Release|Any CPU.Build.0 = Release|Any CPU
		{35B73C77-00FD-4E0A-885D-D2795D4B32C0}.Release|x64.ActiveCfg = Release|Any CPU
		{35B73C77-00FD-4E0A-885D-D2795D4B32C0}.Release|x64.Build.0 = Release|Any CPU
		{35B73C77-00FD-4E0A-885D-D2795D4B32C0}.Release|x86.ActiveCfg = Release|Any CPU
		{35B73C77-00FD-4E0A-885D-D2795D4B32C0}.Release|x86.Build.0 = Release|Any CPU
		{2AA0A5DA-A5EB-411B-B9CC-E353B2E4ABC6}.Debug|Any CPU.ActiveCfg = Debug|Any CPU
		{2AA0A5DA-A5EB-411B-B9CC-E353B2E4ABC6}.Debug|Any CPU.Build.0 = Debug|Any CPU
		{2AA0A5DA-A5EB-411B-B9CC-E353B2E4ABC6}.Debug|x64.ActiveCfg = Debug|Any CPU
		{2AA0A5DA-A5EB-411B-B9CC-E353B2E4ABC6}.Debug|x64.Build.0 = Debug|Any CPU
		{2AA0A5DA-A5EB-411B-B9CC-E353B2E4ABC6}.Debug|x86.ActiveCfg = Debug|Any CPU
		{2AA0A5DA-A5EB-411B-B9CC-E353B2E4ABC6}.Debug|x86.Build.0 = Debug|Any CPU
		{2AA0A5DA-A5EB-411B-B9CC-E353B2E4ABC6}.Release|Any CPU.ActiveCfg = Release|Any CPU
		{2AA0A5DA-A5EB-411B-B9CC-E353B2E4ABC6}.Release|Any CPU.Build.0 = Release|Any CPU
		{2AA0A5DA-A5EB-411B-B9CC-E353B2E4ABC6}.Release|x64.ActiveCfg = Release|Any CPU
		{2AA0A5DA-A5EB-411B-B9CC-E353B2E4ABC6}.Release|x64.Build.0 = Release|Any CPU
		{2AA0A5DA-A5EB-411B-B9CC-E353B2E4ABC6}.Release|x86.ActiveCfg = Release|Any CPU
		{2AA0A5DA-A5EB-411B-B9CC-E353B2E4ABC6}.Release|x86.Build.0 = Release|Any CPU
		{C9E63E0F-3727-4BD6-ADE0-E8C7CF25579F}.Debug|Any CPU.ActiveCfg = Debug|Any CPU
		{C9E63E0F-3727-4BD6-ADE0-E8C7CF25579F}.Debug|Any CPU.Build.0 = Debug|Any CPU
		{C9E63E0F-3727-4BD6-ADE0-E8C7CF25579F}.Debug|x64.ActiveCfg = Debug|Any CPU
		{C9E63E0F-3727-4BD6-ADE0-E8C7CF25579F}.Debug|x64.Build.0 = Debug|Any CPU
		{C9E63E0F-3727-4BD6-ADE0-E8C7CF25579F}.Debug|x86.ActiveCfg = Debug|Any CPU
		{C9E63E0F-3727-4BD6-ADE0-E8C7CF25579F}.Debug|x86.Build.0 = Debug|Any CPU
		{C9E63E0F-3727-4BD6-ADE0-E8C7CF25579F}.Release|Any CPU.ActiveCfg = Release|Any CPU
		{C9E63E0F-3727-4BD6-ADE0-E8C7CF25579F}.Release|Any CPU.Build.0 = Release|Any CPU
		{C9E63E0F-3727-4BD6-ADE0-E8C7CF25579F}.Release|x64.ActiveCfg = Release|Any CPU
		{C9E63E0F-3727-4BD6-ADE0-E8C7CF25579F}.Release|x64.Build.0 = Release|Any CPU
		{C9E63E0F-3727-4BD6-ADE0-E8C7CF25579F}.Release|x86.ActiveCfg = Release|Any CPU
		{C9E63E0F-3727-4BD6-ADE0-E8C7CF25579F}.Release|x86.Build.0 = Release|Any CPU
		{8A4F0620-6AFC-4BE3-B1EF-8334FB4978CE}.Debug|Any CPU.ActiveCfg = Debug|Any CPU
		{8A4F0620-6AFC-4BE3-B1EF-8334FB4978CE}.Debug|Any CPU.Build.0 = Debug|Any CPU
		{8A4F0620-6AFC-4BE3-B1EF-8334FB4978CE}.Debug|x64.ActiveCfg = Debug|Any CPU
		{8A4F0620-6AFC-4BE3-B1EF-8334FB4978CE}.Debug|x64.Build.0 = Debug|Any CPU
		{8A4F0620-6AFC-4BE3-B1EF-8334FB4978CE}.Debug|x86.ActiveCfg = Debug|Any CPU
		{8A4F0620-6AFC-4BE3-B1EF-8334FB4978CE}.Debug|x86.Build.0 = Debug|Any CPU
		{8A4F0620-6AFC-4BE3-B1EF-8334FB4978CE}.Release|Any CPU.ActiveCfg = Release|Any CPU
		{8A4F0620-6AFC-4BE3-B1EF-8334FB4978CE}.Release|Any CPU.Build.0 = Release|Any CPU
		{8A4F0620-6AFC-4BE3-B1EF-8334FB4978CE}.Release|x64.ActiveCfg = Release|Any CPU
		{8A4F0620-6AFC-4BE3-B1EF-8334FB4978CE}.Release|x64.Build.0 = Release|Any CPU
		{8A4F0620-6AFC-4BE3-B1EF-8334FB4978CE}.Release|x86.ActiveCfg = Release|Any CPU
		{8A4F0620-6AFC-4BE3-B1EF-8334FB4978CE}.Release|x86.Build.0 = Release|Any CPU
		{6E97914D-58CD-42BC-BFFB-D16EAC0B25A2}.Debug|Any CPU.ActiveCfg = Debug|Any CPU
		{6E97914D-58CD-42BC-BFFB-D16EAC0B25A2}.Debug|Any CPU.Build.0 = Debug|Any CPU
		{6E97914D-58CD-42BC-BFFB-D16EAC0B25A2}.Debug|x64.ActiveCfg = Debug|Any CPU
		{6E97914D-58CD-42BC-BFFB-D16EAC0B25A2}.Debug|x64.Build.0 = Debug|Any CPU
		{6E97914D-58CD-42BC-BFFB-D16EAC0B25A2}.Debug|x86.ActiveCfg = Debug|Any CPU
		{6E97914D-58CD-42BC-BFFB-D16EAC0B25A2}.Debug|x86.Build.0 = Debug|Any CPU
		{6E97914D-58CD-42BC-BFFB-D16EAC0B25A2}.Release|Any CPU.ActiveCfg = Release|Any CPU
		{6E97914D-58CD-42BC-BFFB-D16EAC0B25A2}.Release|Any CPU.Build.0 = Release|Any CPU
		{6E97914D-58CD-42BC-BFFB-D16EAC0B25A2}.Release|x64.ActiveCfg = Release|Any CPU
		{6E97914D-58CD-42BC-BFFB-D16EAC0B25A2}.Release|x64.Build.0 = Release|Any CPU
		{6E97914D-58CD-42BC-BFFB-D16EAC0B25A2}.Release|x86.ActiveCfg = Release|Any CPU
		{6E97914D-58CD-42BC-BFFB-D16EAC0B25A2}.Release|x86.Build.0 = Release|Any CPU
		{B2AA2154-DD7D-4114-94C0-D477D124B71E}.Debug|Any CPU.ActiveCfg = Debug|Any CPU
		{B2AA2154-DD7D-4114-94C0-D477D124B71E}.Debug|Any CPU.Build.0 = Debug|Any CPU
		{B2AA2154-DD7D-4114-94C0-D477D124B71E}.Debug|x64.ActiveCfg = Debug|Any CPU
		{B2AA2154-DD7D-4114-94C0-D477D124B71E}.Debug|x64.Build.0 = Debug|Any CPU
		{B2AA2154-DD7D-4114-94C0-D477D124B71E}.Debug|x86.ActiveCfg = Debug|Any CPU
		{B2AA2154-DD7D-4114-94C0-D477D124B71E}.Debug|x86.Build.0 = Debug|Any CPU
		{B2AA2154-DD7D-4114-94C0-D477D124B71E}.Release|Any CPU.ActiveCfg = Release|Any CPU
		{B2AA2154-DD7D-4114-94C0-D477D124B71E}.Release|Any CPU.Build.0 = Release|Any CPU
		{B2AA2154-DD7D-4114-94C0-D477D124B71E}.Release|x64.ActiveCfg = Release|Any CPU
		{B2AA2154-DD7D-4114-94C0-D477D124B71E}.Release|x64.Build.0 = Release|Any CPU
		{B2AA2154-DD7D-4114-94C0-D477D124B71E}.Release|x86.ActiveCfg = Release|Any CPU
		{B2AA2154-DD7D-4114-94C0-D477D124B71E}.Release|x86.Build.0 = Release|Any CPU
		{7AF5FB9E-29D7-4410-B5A3-1B0A3D9E1F49}.Debug|Any CPU.ActiveCfg = Debug|Any CPU
		{7AF5FB9E-29D7-4410-B5A3-1B0A3D9E1F49}.Debug|Any CPU.Build.0 = Debug|Any CPU
		{7AF5FB9E-29D7-4410-B5A3-1B0A3D9E1F49}.Debug|x64.ActiveCfg = Debug|Any CPU
		{7AF5FB9E-29D7-4410-B5A3-1B0A3D9E1F49}.Debug|x64.Build.0 = Debug|Any CPU
		{7AF5FB9E-29D7-4410-B5A3-1B0A3D9E1F49}.Debug|x86.ActiveCfg = Debug|Any CPU
		{7AF5FB9E-29D7-4410-B5A3-1B0A3D9E1F49}.Debug|x86.Build.0 = Debug|Any CPU
		{7AF5FB9E-29D7-4410-B5A3-1B0A3D9E1F49}.Release|Any CPU.ActiveCfg = Release|Any CPU
		{7AF5FB9E-29D7-4410-B5A3-1B0A3D9E1F49}.Release|Any CPU.Build.0 = Release|Any CPU
		{7AF5FB9E-29D7-4410-B5A3-1B0A3D9E1F49}.Release|x64.ActiveCfg = Release|Any CPU
		{7AF5FB9E-29D7-4410-B5A3-1B0A3D9E1F49}.Release|x64.Build.0 = Release|Any CPU
		{7AF5FB9E-29D7-4410-B5A3-1B0A3D9E1F49}.Release|x86.ActiveCfg = Release|Any CPU
		{7AF5FB9E-29D7-4410-B5A3-1B0A3D9E1F49}.Release|x86.Build.0 = Release|Any CPU
		{AC4C74D6-C27A-4BA4-88CD-5194C7EC28DD}.Debug|Any CPU.ActiveCfg = Debug|Any CPU
		{AC4C74D6-C27A-4BA4-88CD-5194C7EC28DD}.Debug|Any CPU.Build.0 = Debug|Any CPU
		{AC4C74D6-C27A-4BA4-88CD-5194C7EC28DD}.Debug|x64.ActiveCfg = Debug|Any CPU
		{AC4C74D6-C27A-4BA4-88CD-5194C7EC28DD}.Debug|x64.Build.0 = Debug|Any CPU
		{AC4C74D6-C27A-4BA4-88CD-5194C7EC28DD}.Debug|x86.ActiveCfg = Debug|Any CPU
		{AC4C74D6-C27A-4BA4-88CD-5194C7EC28DD}.Debug|x86.Build.0 = Debug|Any CPU
		{AC4C74D6-C27A-4BA4-88CD-5194C7EC28DD}.Release|Any CPU.ActiveCfg = Release|Any CPU
		{AC4C74D6-C27A-4BA4-88CD-5194C7EC28DD}.Release|Any CPU.Build.0 = Release|Any CPU
		{AC4C74D6-C27A-4BA4-88CD-5194C7EC28DD}.Release|x64.ActiveCfg = Release|Any CPU
		{AC4C74D6-C27A-4BA4-88CD-5194C7EC28DD}.Release|x64.Build.0 = Release|Any CPU
		{AC4C74D6-C27A-4BA4-88CD-5194C7EC28DD}.Release|x86.ActiveCfg = Release|Any CPU
		{AC4C74D6-C27A-4BA4-88CD-5194C7EC28DD}.Release|x86.Build.0 = Release|Any CPU
		{05DC89A3-8C70-43B6-8FEB-52A25FF3C0F2}.Debug|Any CPU.ActiveCfg = Debug|Any CPU
		{05DC89A3-8C70-43B6-8FEB-52A25FF3C0F2}.Debug|Any CPU.Build.0 = Debug|Any CPU
		{05DC89A3-8C70-43B6-8FEB-52A25FF3C0F2}.Debug|x64.ActiveCfg = Debug|Any CPU
		{05DC89A3-8C70-43B6-8FEB-52A25FF3C0F2}.Debug|x64.Build.0 = Debug|Any CPU
		{05DC89A3-8C70-43B6-8FEB-52A25FF3C0F2}.Debug|x86.ActiveCfg = Debug|Any CPU
		{05DC89A3-8C70-43B6-8FEB-52A25FF3C0F2}.Debug|x86.Build.0 = Debug|Any CPU
		{05DC89A3-8C70-43B6-8FEB-52A25FF3C0F2}.Release|Any CPU.ActiveCfg = Release|Any CPU
		{05DC89A3-8C70-43B6-8FEB-52A25FF3C0F2}.Release|Any CPU.Build.0 = Release|Any CPU
		{05DC89A3-8C70-43B6-8FEB-52A25FF3C0F2}.Release|x64.ActiveCfg = Release|Any CPU
		{05DC89A3-8C70-43B6-8FEB-52A25FF3C0F2}.Release|x64.Build.0 = Release|Any CPU
		{05DC89A3-8C70-43B6-8FEB-52A25FF3C0F2}.Release|x86.ActiveCfg = Release|Any CPU
		{05DC89A3-8C70-43B6-8FEB-52A25FF3C0F2}.Release|x86.Build.0 = Release|Any CPU
	EndGlobalSection
	GlobalSection(SolutionProperties) = preSolution
		HideSolutionNode = FALSE
	EndGlobalSection
	GlobalSection(NestedProjects) = preSolution
		{496F5E20-6531-4AA0-82DA-05ACB4C727C5} = {2F690A2B-96D1-45AC-BD36-E27D68422352}
		{B8B0F806-BB44-4C0E-8327-26119DEA0DAE} = {860D3016-9A5C-4162-ACC8-B2031B80F697}
		{FB9B2029-8C60-47F4-BF56-70B9CF9E784E} = {7201C6FB-C25C-45DB-9C0B-1355FEF13939}
		{EB5435E3-418E-4A83-88E4-7AC7991E499D} = {7201C6FB-C25C-45DB-9C0B-1355FEF13939}
		{115522DE-DEC8-461B-AEDD-9D68631F9E57} = {7201C6FB-C25C-45DB-9C0B-1355FEF13939}
		{0AECD929-369B-4644-AF9A-16824AD9FFEE} = {2F690A2B-96D1-45AC-BD36-E27D68422352}
		{860D3016-9A5C-4162-ACC8-B2031B80F697} = {2F690A2B-96D1-45AC-BD36-E27D68422352}
		{13BBFBA8-0991-484C-8626-A62062119E38} = {2F690A2B-96D1-45AC-BD36-E27D68422352}
		{C00787F3-B5C1-413B-813A-57E6168E7661} = {800DAE8D-CCF0-43E6-A974-916FB22C112A}
		{800DAE8D-CCF0-43E6-A974-916FB22C112A} = {7201C6FB-C25C-45DB-9C0B-1355FEF13939}
		{DFAC4C0A-A019-4E09-B9A1-0CBEF132335E} = {7201C6FB-C25C-45DB-9C0B-1355FEF13939}
		{B07FB8A2-491B-4A8F-A5AB-317C6590842F} = {2F690A2B-96D1-45AC-BD36-E27D68422352}
		{61435800-2A02-426E-AD09-8E7C29440F26} = {800DAE8D-CCF0-43E6-A974-916FB22C112A}
		{5EAA0E44-A8AF-4D00-9328-7D97F52C9065} = {7201C6FB-C25C-45DB-9C0B-1355FEF13939}
		{35B73C77-00FD-4E0A-885D-D2795D4B32C0} = {2F690A2B-96D1-45AC-BD36-E27D68422352}
		{2AA0A5DA-A5EB-411B-B9CC-E353B2E4ABC6} = {7201C6FB-C25C-45DB-9C0B-1355FEF13939}
		{C9E63E0F-3727-4BD6-ADE0-E8C7CF25579F} = {2F690A2B-96D1-45AC-BD36-E27D68422352}
		{8A4F0620-6AFC-4BE3-B1EF-8334FB4978CE} = {7201C6FB-C25C-45DB-9C0B-1355FEF13939}
		{6E97914D-58CD-42BC-BFFB-D16EAC0B25A2} = {2F690A2B-96D1-45AC-BD36-E27D68422352}
		{B2AA2154-DD7D-4114-94C0-D477D124B71E} = {7201C6FB-C25C-45DB-9C0B-1355FEF13939}
		{7AF5FB9E-29D7-4410-B5A3-1B0A3D9E1F49} = {2F690A2B-96D1-45AC-BD36-E27D68422352}
		{AC4C74D6-C27A-4BA4-88CD-5194C7EC28DD} = {7201C6FB-C25C-45DB-9C0B-1355FEF13939}
		{05DC89A3-8C70-43B6-8FEB-52A25FF3C0F2} = {2F690A2B-96D1-45AC-BD36-E27D68422352}
	EndGlobalSection
	GlobalSection(ExtensibilityGlobals) = postSolution
		SolutionGuid = {C5E269B8-4A21-4B1B-8805-C8193C08FE3E}
	EndGlobalSection
EndGlobal
