
Microsoft Visual Studio Solution File, Format Version 12.00
# Visual Studio Version 16
VisualStudioVersion = 16.0.29721.120
MinimumVisualStudioVersion = 15.0.26124.0
Project("{2150E333-8FDC-42A3-9474-1A3956D46DE8}") = "src", "src", "{2F690A2B-96D1-45AC-BD36-E27D68422352}"
EndProject
Project("{2150E333-8FDC-42A3-9474-1A3956D46DE8}") = "test", "test", "{7201C6FB-C25C-45DB-9C0B-1355FEF13939}"
	ProjectSection(SolutionItems) = preProject
		test\Directory.Build.props = test\Directory.Build.props
	EndProjectSection
EndProject
Project("{2150E333-8FDC-42A3-9474-1A3956D46DE8}") = "Solution Items", "Solution Items", "{718206D0-4003-4B86-8DFC-19EBBA727846}"
	ProjectSection(SolutionItems) = preProject
		Directory.Build.props = Directory.Build.props
	EndProjectSection
EndProject
Project("{9A19103F-16F7-4668-BE54-9A1E7A4F7556}") = "fiskaltrust.Middleware.SCU.DE.Helpers.TLVLogParser", "src\fiskaltrust.Middleware.SCU.DE.Helpers.TLVLogParser\fiskaltrust.Middleware.SCU.DE.Helpers.TLVLogParser.csproj", "{B8B0F806-BB44-4C0E-8327-26119DEA0DAE}"
EndProject
Project("{2150E333-8FDC-42A3-9474-1A3956D46DE8}") = "Helpers", "Helpers", "{860D3016-9A5C-4162-ACC8-B2031B80F697}"
EndProject
Project("{9A19103F-16F7-4668-BE54-9A1E7A4F7556}") = "fiskaltrust.Middleware.SCU.DE.Swissbit.Interop", "src\fiskaltrust.Middleware.SCU.DE.Swissbit.Interop\fiskaltrust.Middleware.SCU.DE.Swissbit.Interop.csproj", "{44CE148A-988A-4E11-B9EB-EE3C64543447}"
EndProject
Project("{9A19103F-16F7-4668-BE54-9A1E7A4F7556}") = "fiskaltrust.Middleware.SCU.DE.SwissbitBase", "src\fiskaltrust.Middleware.SCU.DE.SwissbitBase\fiskaltrust.Middleware.SCU.DE.SwissbitBase.csproj", "{188A6FAD-777C-4F20-8448-A97E3E5C9356}"
EndProject
Project("{FAE04EC0-301F-11D3-BF4B-00C04F79EFBC}") = "fiskaltrust.Middleware.SCU.DE.SwissbitAndroid", "src\fiskaltrust.Middleware.SCU.DE.SwissbitAndroid\fiskaltrust.Middleware.SCU.DE.SwissbitAndroid.csproj", "{05DC89A3-8C70-43B6-8FEB-52A25FF3C0F2}"
EndProject
Project("{9A19103F-16F7-4668-BE54-9A1E7A4F7556}") = "fiskaltrust.Middleware.SCU.DE.Swissbit.Interop.StaticLib", "src\fiskaltrust.Middleware.SCU.DE.Swissbit.Interop.StaticLib\fiskaltrust.Middleware.SCU.DE.Swissbit.Interop.StaticLib.csproj", "{C3D38400-3F35-4138-8F8C-B85CFA96EAAC}"
EndProject
Global
	GlobalSection(SolutionConfigurationPlatforms) = preSolution
		Debug|Any CPU = Debug|Any CPU
		Debug|x64 = Debug|x64
		Debug|x86 = Debug|x86
		Release|Any CPU = Release|Any CPU
		Release|x64 = Release|x64
		Release|x86 = Release|x86
	EndGlobalSection
	GlobalSection(ProjectConfigurationPlatforms) = postSolution
		{B8B0F806-BB44-4C0E-8327-26119DEA0DAE}.Debug|Any CPU.ActiveCfg = Debug|Any CPU
		{B8B0F806-BB44-4C0E-8327-26119DEA0DAE}.Debug|Any CPU.Build.0 = Debug|Any CPU
		{B8B0F806-BB44-4C0E-8327-26119DEA0DAE}.Debug|x64.ActiveCfg = Debug|Any CPU
		{B8B0F806-BB44-4C0E-8327-26119DEA0DAE}.Debug|x64.Build.0 = Debug|Any CPU
		{B8B0F806-BB44-4C0E-8327-26119DEA0DAE}.Debug|x86.ActiveCfg = Debug|Any CPU
		{B8B0F806-BB44-4C0E-8327-26119DEA0DAE}.Debug|x86.Build.0 = Debug|Any CPU
		{B8B0F806-BB44-4C0E-8327-26119DEA0DAE}.Release|Any CPU.ActiveCfg = Release|Any CPU
		{B8B0F806-BB44-4C0E-8327-26119DEA0DAE}.Release|Any CPU.Build.0 = Release|Any CPU
		{B8B0F806-BB44-4C0E-8327-26119DEA0DAE}.Release|x64.ActiveCfg = Release|Any CPU
		{B8B0F806-BB44-4C0E-8327-26119DEA0DAE}.Release|x64.Build.0 = Release|Any CPU
		{B8B0F806-BB44-4C0E-8327-26119DEA0DAE}.Release|x86.ActiveCfg = Release|Any CPU
		{B8B0F806-BB44-4C0E-8327-26119DEA0DAE}.Release|x86.Build.0 = Release|Any CPU
		{44CE148A-988A-4E11-B9EB-EE3C64543447}.Debug|Any CPU.ActiveCfg = Debug|Any CPU
		{44CE148A-988A-4E11-B9EB-EE3C64543447}.Debug|Any CPU.Build.0 = Debug|Any CPU
		{44CE148A-988A-4E11-B9EB-EE3C64543447}.Debug|x64.ActiveCfg = Debug|Any CPU
		{44CE148A-988A-4E11-B9EB-EE3C64543447}.Debug|x64.Build.0 = Debug|Any CPU
		{44CE148A-988A-4E11-B9EB-EE3C64543447}.Debug|x86.ActiveCfg = Debug|Any CPU
		{44CE148A-988A-4E11-B9EB-EE3C64543447}.Debug|x86.Build.0 = Debug|Any CPU
		{44CE148A-988A-4E11-B9EB-EE3C64543447}.Release|Any CPU.ActiveCfg = Release|Any CPU
		{44CE148A-988A-4E11-B9EB-EE3C64543447}.Release|Any CPU.Build.0 = Release|Any CPU
		{44CE148A-988A-4E11-B9EB-EE3C64543447}.Release|x64.ActiveCfg = Release|Any CPU
		{44CE148A-988A-4E11-B9EB-EE3C64543447}.Release|x64.Build.0 = Release|Any CPU
		{44CE148A-988A-4E11-B9EB-EE3C64543447}.Release|x86.ActiveCfg = Release|Any CPU
		{44CE148A-988A-4E11-B9EB-EE3C64543447}.Release|x86.Build.0 = Release|Any CPU
		{188A6FAD-777C-4F20-8448-A97E3E5C9356}.Debug|Any CPU.ActiveCfg = Debug|Any CPU
		{188A6FAD-777C-4F20-8448-A97E3E5C9356}.Debug|Any CPU.Build.0 = Debug|Any CPU
		{188A6FAD-777C-4F20-8448-A97E3E5C9356}.Debug|x64.ActiveCfg = Debug|Any CPU
		{188A6FAD-777C-4F20-8448-A97E3E5C9356}.Debug|x64.Build.0 = Debug|Any CPU
		{188A6FAD-777C-4F20-8448-A97E3E5C9356}.Debug|x86.ActiveCfg = Debug|Any CPU
		{188A6FAD-777C-4F20-8448-A97E3E5C9356}.Debug|x86.Build.0 = Debug|Any CPU
		{188A6FAD-777C-4F20-8448-A97E3E5C9356}.Release|Any CPU.ActiveCfg = Release|Any CPU
		{188A6FAD-777C-4F20-8448-A97E3E5C9356}.Release|Any CPU.Build.0 = Release|Any CPU
		{188A6FAD-777C-4F20-8448-A97E3E5C9356}.Release|x64.ActiveCfg = Release|Any CPU
		{188A6FAD-777C-4F20-8448-A97E3E5C9356}.Release|x64.Build.0 = Release|Any CPU
		{188A6FAD-777C-4F20-8448-A97E3E5C9356}.Release|x86.ActiveCfg = Release|Any CPU
		{188A6FAD-777C-4F20-8448-A97E3E5C9356}.Release|x86.Build.0 = Release|Any CPU
		{05DC89A3-8C70-43B6-8FEB-52A25FF3C0F2}.Debug|Any CPU.ActiveCfg = Debug|Any CPU
		{05DC89A3-8C70-43B6-8FEB-52A25FF3C0F2}.Debug|Any CPU.Build.0 = Debug|Any CPU
		{05DC89A3-8C70-43B6-8FEB-52A25FF3C0F2}.Debug|x64.ActiveCfg = Debug|Any CPU
		{05DC89A3-8C70-43B6-8FEB-52A25FF3C0F2}.Debug|x64.Build.0 = Debug|Any CPU
		{05DC89A3-8C70-43B6-8FEB-52A25FF3C0F2}.Debug|x86.ActiveCfg = Debug|Any CPU
		{05DC89A3-8C70-43B6-8FEB-52A25FF3C0F2}.Debug|x86.Build.0 = Debug|Any CPU
		{05DC89A3-8C70-43B6-8FEB-52A25FF3C0F2}.Release|Any CPU.ActiveCfg = Release|Any CPU
		{05DC89A3-8C70-43B6-8FEB-52A25FF3C0F2}.Release|Any CPU.Build.0 = Release|Any CPU
		{05DC89A3-8C70-43B6-8FEB-52A25FF3C0F2}.Release|x64.ActiveCfg = Release|Any CPU
		{05DC89A3-8C70-43B6-8FEB-52A25FF3C0F2}.Release|x64.Build.0 = Release|Any CPU
		{05DC89A3-8C70-43B6-8FEB-52A25FF3C0F2}.Release|x86.ActiveCfg = Release|Any CPU
		{05DC89A3-8C70-43B6-8FEB-52A25FF3C0F2}.Release|x86.Build.0 = Release|Any CPU
		{C3D38400-3F35-4138-8F8C-B85CFA96EAAC}.Debug|Any CPU.ActiveCfg = Debug|Any CPU
		{C3D38400-3F35-4138-8F8C-B85CFA96EAAC}.Debug|Any CPU.Build.0 = Debug|Any CPU
		{C3D38400-3F35-4138-8F8C-B85CFA96EAAC}.Debug|x64.ActiveCfg = Debug|Any CPU
		{C3D38400-3F35-4138-8F8C-B85CFA96EAAC}.Debug|x64.Build.0 = Debug|Any CPU
		{C3D38400-3F35-4138-8F8C-B85CFA96EAAC}.Debug|x86.ActiveCfg = Debug|Any CPU
		{C3D38400-3F35-4138-8F8C-B85CFA96EAAC}.Debug|x86.Build.0 = Debug|Any CPU
		{C3D38400-3F35-4138-8F8C-B85CFA96EAAC}.Release|Any CPU.ActiveCfg = Release|Any CPU
		{C3D38400-3F35-4138-8F8C-B85CFA96EAAC}.Release|Any CPU.Build.0 = Release|Any CPU
		{C3D38400-3F35-4138-8F8C-B85CFA96EAAC}.Release|x64.ActiveCfg = Release|Any CPU
		{C3D38400-3F35-4138-8F8C-B85CFA96EAAC}.Release|x64.Build.0 = Release|Any CPU
		{C3D38400-3F35-4138-8F8C-B85CFA96EAAC}.Release|x86.ActiveCfg = Release|Any CPU
		{C3D38400-3F35-4138-8F8C-B85CFA96EAAC}.Release|x86.Build.0 = Release|Any CPU
	EndGlobalSection
	GlobalSection(SolutionProperties) = preSolution
		HideSolutionNode = FALSE
	EndGlobalSection
	GlobalSection(NestedProjects) = preSolution
		{B8B0F806-BB44-4C0E-8327-26119DEA0DAE} = {860D3016-9A5C-4162-ACC8-B2031B80F697}
		{860D3016-9A5C-4162-ACC8-B2031B80F697} = {2F690A2B-96D1-45AC-BD36-E27D68422352}
		{44CE148A-988A-4E11-B9EB-EE3C64543447} = {2F690A2B-96D1-45AC-BD36-E27D68422352}
		{188A6FAD-777C-4F20-8448-A97E3E5C9356} = {2F690A2B-96D1-45AC-BD36-E27D68422352}
		{05DC89A3-8C70-43B6-8FEB-52A25FF3C0F2} = {2F690A2B-96D1-45AC-BD36-E27D68422352}
		{C3D38400-3F35-4138-8F8C-B85CFA96EAAC} = {2F690A2B-96D1-45AC-BD36-E27D68422352}
	EndGlobalSection
	GlobalSection(ExtensibilityGlobals) = postSolution
		SolutionGuid = {C5E269B8-4A21-4B1B-8805-C8193C08FE3E}
	EndGlobalSection
EndGlobal
