
Microsoft Visual Studio Solution File, Format Version 12.00
# Visual Studio Version 17
VisualStudioVersion = 17.0.31903.59
MinimumVisualStudioVersion = 10.0.40219.1
Project("{2150E333-8FDC-42A3-9474-1A3956D46DE8}") = "src", "src", "{D3735F43-830E-4992-8663-7182B6970DA2}"
EndProject
Project("{FAE04EC0-301F-11D3-BF4B-00C04F79EFBC}") = "fiskaltrust.Middleware.SCU.IT.Epson", "src\fiskaltrust.Middleware.SCU.IT.Epson\fiskaltrust.Middleware.SCU.IT.Epson.csproj", "{612776C5-9C63-4C00-8195-C9ECADD27F11}"
EndProject
Global
	GlobalSection(SolutionConfigurationPlatforms) = preSolution
		Debug|Any CPU = Debug|Any CPU
		Release|Any CPU = Release|Any CPU
	EndGlobalSection
	GlobalSection(SolutionProperties) = preSolution
		HideSolutionNode = FALSE
	EndGlobalSection
	GlobalSection(ProjectConfigurationPlatforms) = postSolution
		{612776C5-9C63-4C00-8195-C9ECADD27F11}.Debug|Any CPU.ActiveCfg = Debug|Any CPU
		{612776C5-9C63-4C00-8195-C9ECADD27F11}.Debug|Any CPU.Build.0 = Debug|Any CPU
		{612776C5-9C63-4C00-8195-C9ECADD27F11}.Release|Any CPU.ActiveCfg = Release|Any CPU
		{612776C5-9C63-4C00-8195-C9ECADD27F11}.Release|Any CPU.Build.0 = Release|Any CPU
	EndGlobalSection
	GlobalSection(NestedProjects) = preSolution
		{612776C5-9C63-4C00-8195-C9ECADD27F11} = {D3735F43-830E-4992-8663-7182B6970DA2}
	EndGlobalSection
EndGlobal
