
Microsoft Visual Studio Solution File, Format Version 12.00
# Visual Studio Version 17
VisualStudioVersion = 17.1.32203.90
MinimumVisualStudioVersion = 10.0.40219.1
Project("{2150E333-8FDC-42A3-9474-1A3956D46DE8}") = "src", "src", "{08381205-3409-4468-92EB-ACA65F8D82FB}"
	ProjectSection(SolutionItems) = preProject
		src\Directory.Build.props = src\Directory.Build.props
	EndProjectSection
EndProject
Project("{2150E333-8FDC-42A3-9474-1A3956D46DE8}") = "test", "test", "{EAEEF28B-F372-48C1-8F9B-45CEB95159A2}"
	ProjectSection(SolutionItems) = preProject
		test\.editorconfig = test\.editorconfig
		test\Directory.Build.props = test\Directory.Build.props
	EndProjectSection
EndProject
Project("{2150E333-8FDC-42A3-9474-1A3956D46DE8}") = "Localization", "Localization", "{C345F1F7-C2A5-472A-A55F-987A53DF3CCE}"
EndProject
Project("{2150E333-8FDC-42A3-9474-1A3956D46DE8}") = "Storage", "Storage", "{5195B05E-EB55-4544-8FE6-B683747B1F9E}"
EndProject
Project("{9A19103F-16F7-4668-BE54-9A1E7A4F7556}") = "fiskaltrust.Middleware.Storage.InMemory", "src\fiskaltrust.Middleware.Storage.InMemory\fiskaltrust.Middleware.Storage.InMemory.csproj", "{53195623-20D9-46EE-B5E7-46E2262F0F42}"
EndProject
Project("{9A19103F-16F7-4668-BE54-9A1E7A4F7556}") = "fiskaltrust.Middleware.Storage.AcceptanceTest", "test\fiskaltrust.Middleware.Storage.AcceptanceTest\fiskaltrust.Middleware.Storage.AcceptanceTest.csproj", "{70121F70-9A63-4DAF-821D-5BBA2468FA8F}"
EndProject
Project("{9A19103F-16F7-4668-BE54-9A1E7A4F7556}") = "fiskaltrust.Middleware.Localization.QueueAT", "src\fiskaltrust.Middleware.Localization.QueueAT\fiskaltrust.Middleware.Localization.QueueAT.csproj", "{C922F6D1-D37D-41F0-A672-BE76F915A753}"
EndProject
Project("{9A19103F-16F7-4668-BE54-9A1E7A4F7556}") = "fiskaltrust.Middleware.Localization.QueueDE", "src\fiskaltrust.Middleware.Localization.QueueDE\fiskaltrust.Middleware.Localization.QueueDE.csproj", "{E43674AD-E2C2-433F-A67D-6ADCB11F6B44}"
EndProject
Project("{9A19103F-16F7-4668-BE54-9A1E7A4F7556}") = "fiskaltrust.Middleware.Localization.QueueFR", "src\fiskaltrust.Middleware.Localization.QueueFR\fiskaltrust.Middleware.Localization.QueueFR.csproj", "{DFDBCF70-04BB-4946-BBE7-78B820F3F399}"
EndProject
Project("{9A19103F-16F7-4668-BE54-9A1E7A4F7556}") = "fiskaltrust.Middleware.Storage.EF", "src\fiskaltrust.Middleware.Storage.EF\fiskaltrust.Middleware.Storage.EF.csproj", "{6F1BA52A-E55A-4374-BE57-BF5CE6E21147}"
EndProject
Project("{2150E333-8FDC-42A3-9474-1A3956D46DE8}") = "Solution Items", "Solution Items", "{75332D56-BFA3-47C5-B2B0-C0376C78190E}"
	ProjectSection(SolutionItems) = preProject
		Directory.Build.props = Directory.Build.props
		version.json = version.json
	EndProjectSection
EndProject
Project("{9A19103F-16F7-4668-BE54-9A1E7A4F7556}") = "fiskaltrust.Middleware.Storage.Base", "src\fiskaltrust.Middleware.Storage.Base\fiskaltrust.Middleware.Storage.Base.csproj", "{26BC4FC8-5174-41DD-92AD-18CCB14C307D}"
EndProject
Project("{9A19103F-16F7-4668-BE54-9A1E7A4F7556}") = "fiskaltrust.Middleware.Queue", "src\fiskaltrust.Middleware.Queue\fiskaltrust.Middleware.Queue.csproj", "{496FFF83-A383-4A3A-BE5E-9356FE94D96C}"
EndProject
Project("{9A19103F-16F7-4668-BE54-9A1E7A4F7556}") = "fiskaltrust.Middleware.Queue.AcceptanceTest", "test\fiskaltrust.Middleware.Queue.AcceptanceTest\fiskaltrust.Middleware.Queue.AcceptanceTest.csproj", "{63EA59ED-67AF-4793-AB36-EEA5F8E333B9}"
EndProject
Project("{2150E333-8FDC-42A3-9474-1A3956D46DE8}") = "Localization", "Localization", "{16BF88B4-3302-49F5-A5FA-5DA96DD03F0E}"
EndProject
Project("{9A19103F-16F7-4668-BE54-9A1E7A4F7556}") = "fiskaltrust.Middleware.Localization.QueueAT.UnitTest", "test\fiskaltrust.Middleware.Localization.QueueAT.UnitTest\fiskaltrust.Middleware.Localization.QueueAT.UnitTest.csproj", "{7B36659D-3350-4AC6-A7DF-B8C6335E3834}"
EndProject
Project("{9A19103F-16F7-4668-BE54-9A1E7A4F7556}") = "fiskaltrust.Middleware.Localization.QueueDE.UnitTest", "test\fiskaltrust.Middleware.Localization.QueueDE.UnitTest\fiskaltrust.Middleware.Localization.QueueDE.UnitTest.csproj", "{2835F94A-E4D9-4C81-93C1-8D2AD9047BDC}"
EndProject
Project("{9A19103F-16F7-4668-BE54-9A1E7A4F7556}") = "fiskaltrust.Middleware.Localization.QueueFR.UnitTest", "test\fiskaltrust.Middleware.Localization.QueueFR.UnitTest\fiskaltrust.Middleware.Localization.QueueFR.UnitTest.csproj", "{79E8B539-6655-4AB0-BE94-650F209FFD7A}"
EndProject
Project("{9A19103F-16F7-4668-BE54-9A1E7A4F7556}") = "fiskaltrust.Middleware.QueueSynchronizer", "src\fiskaltrust.Middleware.QueueSynchronizer\fiskaltrust.Middleware.QueueSynchronizer.csproj", "{5B44CEB6-C073-4415-8CDE-F187A0E4BA4C}"
EndProject
Project("{9A19103F-16F7-4668-BE54-9A1E7A4F7556}") = "fiskaltrust.Middleware.QueueSynchronizer.AcceptanceTest", "test\fiskaltrust.Middleware.QueueSynchronizer.AcceptanceTest\fiskaltrust.Middleware.QueueSynchronizer.AcceptanceTest.csproj", "{7B230509-EE70-46FF-9AE6-F115D0E9EFE5}"
EndProject
Project("{9A19103F-16F7-4668-BE54-9A1E7A4F7556}") = "fiskaltrust.Middleware.Contracts", "src\fiskaltrust.Middleware.Contracts\fiskaltrust.Middleware.Contracts.csproj", "{3CBD7981-3123-459D-9DEC-EFB015CBFDAA}"
EndProject
Project("{9A19103F-16F7-4668-BE54-9A1E7A4F7556}") = "fiskaltrust.Middleware.Queue.InMemory", "src\fiskaltrust.Middleware.Queue.InMemory\fiskaltrust.Middleware.Queue.InMemory.csproj", "{0BC379F5-3629-42CB-9BA5-2616CBAEC44C}"
EndProject
Project("{9A19103F-16F7-4668-BE54-9A1E7A4F7556}") = "fiskaltrust.Middleware.Localization.QueueDE.IntegrationTest", "test\fiskaltrust.Middleware.Localization.QueueDE.IntegrationTest\fiskaltrust.Middleware.Localization.QueueDE.IntegrationTest.csproj", "{F9FC32A7-E7F3-4C74-91AE-D69612673E55}"
EndProject
Project("{9A19103F-16F7-4668-BE54-9A1E7A4F7556}") = "fiskaltrust.Middleware.Storage.SQLite", "src\fiskaltrust.Middleware.Storage.SQLite\fiskaltrust.Middleware.Storage.SQLite.csproj", "{BBDA19AB-756D-4822-80AB-153674EB5152}"
EndProject
Project("{9A19103F-16F7-4668-BE54-9A1E7A4F7556}") = "fiskaltrust.Middleware.Queue.SQLite", "src\fiskaltrust.Middleware.Queue.SQLite\fiskaltrust.Middleware.Queue.SQLite.csproj", "{E34D5867-4F67-44CF-B8DA-9E91FF0327DF}"
EndProject
Project("{9A19103F-16F7-4668-BE54-9A1E7A4F7556}") = "fiskaltrust.Middleware.Queue.InMemory.IntegrationTest", "test\fiskaltrust.Middleware.Queue.InMemory.IntegrationTest\fiskaltrust.Middleware.Queue.InMemory.IntegrationTest.csproj", "{E1D772DC-2114-4DDA-B2C7-6421A6D9DFF5}"
EndProject
Project("{2150E333-8FDC-42A3-9474-1A3956D46DE8}") = "Storage", "Storage", "{31488E86-D7EB-4964-84F1-B7338BB5A7D1}"
EndProject
Project("{9A19103F-16F7-4668-BE54-9A1E7A4F7556}") = "fiskaltrust.Middleware.Storage.EF.AcceptanceTest", "test\fiskaltrust.Middleware.Storage.EF.AcceptanceTest\fiskaltrust.Middleware.Storage.EF.AcceptanceTest.csproj", "{C11F8D87-4B69-41AA-AFCE-17342D00F535}"
EndProject
Project("{9A19103F-16F7-4668-BE54-9A1E7A4F7556}") = "fiskaltrust.Middleware.Storage.SQLite.AcceptanceTest", "test\fiskaltrust.Middleware.Storage.SQLite.AcceptanceTest\fiskaltrust.Middleware.Storage.SQLite.AcceptanceTest.csproj", "{B4A649C1-D137-4AF8-82B9-ED3A76407B4E}"
EndProject
Project("{9A19103F-16F7-4668-BE54-9A1E7A4F7556}") = "fiskaltrust.Middleware.Storage.InMemory.AcceptanceTest", "test\fiskaltrust.Middleware.Storage.InMemory.AcceptanceTest\fiskaltrust.Middleware.Storage.InMemory.AcceptanceTest.csproj", "{A984EC5A-0C33-4375-B2F9-45E0E13C7716}"
EndProject
Project("{2150E333-8FDC-42A3-9474-1A3956D46DE8}") = "Queue", "Queue", "{B22FF43C-8AA2-4B70-B2EE-4171C600F734}"
EndProject
Project("{9A19103F-16F7-4668-BE54-9A1E7A4F7556}") = "fiskaltrust.Middleware.Queue.EF", "src\fiskaltrust.Middleware.Queue.EF\fiskaltrust.Middleware.Queue.EF.csproj", "{DF8A0F14-19DE-4523-B5AA-944896D01B48}"
EndProject
Project("{9A19103F-16F7-4668-BE54-9A1E7A4F7556}") = "fiskaltrust.Middleware.Storage.EF.IntegrationTest", "test\fiskaltrust.Middleware.Storage.EF.IntegrationTest\fiskaltrust.Middleware.Storage.EF.IntegrationTest.csproj", "{109FCBED-5FCA-476C-B39D-05F9E62A1556}"
EndProject
Project("{2150E333-8FDC-42A3-9474-1A3956D46DE8}") = "Queue", "Queue", "{53553169-8085-4885-BFB5-7676C4FC5CDB}"
EndProject
Project("{9A19103F-16F7-4668-BE54-9A1E7A4F7556}") = "fiskaltrust.Middleware.Queue.FunctionalTest", "test\fiskaltrust.Middleware.Queue.FunctionalTest\fiskaltrust.Middleware.Queue.FunctionalTest.csproj", "{04815C21-815D-4626-8233-A5E9DB7A1AC0}"
EndProject
Project("{9A19103F-16F7-4668-BE54-9A1E7A4F7556}") = "fiskaltrust.Middleware.Queue.AzureTableStorage", "src\fiskaltrust.Middleware.Queue.AzureTableStorage\fiskaltrust.Middleware.Queue.AzureTableStorage.csproj", "{FBF663D9-84CF-4950-A14F-3D944B702EE3}"
EndProject
Project("{9A19103F-16F7-4668-BE54-9A1E7A4F7556}") = "fiskaltrust.Middleware.Storage.SQLite.IntegrationTest", "test\fiskaltrust.Middleware.Storage.SQLite.IntegrationTest\fiskaltrust.Middleware.Storage.SQLite.IntegrationTest.csproj", "{87F4B939-45C1-4651-9ACF-5383CA372ADF}"
EndProject
Project("{9A19103F-16F7-4668-BE54-9A1E7A4F7556}") = "fiskaltrust.Middleware.Abstractions", "src\fiskaltrust.Middleware.Abstractions\fiskaltrust.Middleware.Abstractions.csproj", "{7C1D1808-CFA0-4CC7-8DF2-4DE566DA28E2}"
EndProject
Project("{2150E333-8FDC-42A3-9474-1A3956D46DE8}") = "Manual", "Manual", "{94F66F60-7264-43E7-8F3A-B59FBA8EE728}"
EndProject
Project("{9A19103F-16F7-4668-BE54-9A1E7A4F7556}") = "fiskaltrust.Middleware.Queue.Test.Launcher", "test\Manual\fiskaltrust.Middleware.Queue.Test.Launcher\fiskaltrust.Middleware.Queue.Test.Launcher.csproj", "{DE7455A5-7456-4F28-A93E-9917114D0082}"
EndProject
Project("{9A19103F-16F7-4668-BE54-9A1E7A4F7556}") = "fiskaltrust.Middleware.Storage.MySQL", "src\fiskaltrust.Middleware.Storage.MySQL\fiskaltrust.Middleware.Storage.MySQL.csproj", "{E1617386-05A1-435B-AEC2-7140D25DF330}"
EndProject
Project("{9A19103F-16F7-4668-BE54-9A1E7A4F7556}") = "fiskaltrust.Middleware.Queue.MySQL", "src\fiskaltrust.Middleware.Queue.MySQL\fiskaltrust.Middleware.Queue.MySQL.csproj", "{F5D6A171-AB06-4C44-A262-771DEE0386AF}"
EndProject
Project("{9A19103F-16F7-4668-BE54-9A1E7A4F7556}") = "fiskaltrust.Middleware.Storage.MySQL.AcceptanceTest", "test\fiskaltrust.Middleware.Storage.MySQL.AcceptanceTest\fiskaltrust.Middleware.Storage.MySQL.AcceptanceTest.csproj", "{261C22EB-C8E1-46D7-AF31-DE962C6956A2}"
EndProject
Project("{9A19103F-16F7-4668-BE54-9A1E7A4F7556}") = "fiskaltrust.Middleware.Storage.MySQL.IntegrationTest", "test\fiskaltrust.Middleware.Storage.MySQL.IntegrationTest\fiskaltrust.Middleware.Storage.MySQL.IntegrationTest.csproj", "{7DA12220-F1CF-42CA-9221-E0FB3544938C}"
EndProject
Project("{9A19103F-16F7-4668-BE54-9A1E7A4F7556}") = "fiskaltrust.Middleware.Storage.EFCore", "src\fiskaltrust.Middleware.Storage.EFCore\fiskaltrust.Middleware.Storage.EFCore.csproj", "{8999EA67-D827-42E3-8EE8-8E5FE80FE500}"
	ProjectSection(ProjectDependencies) = postProject
		{3CBD7981-3123-459D-9DEC-EFB015CBFDAA} = {3CBD7981-3123-459D-9DEC-EFB015CBFDAA}
	EndProjectSection
EndProject
Project("{9A19103F-16F7-4668-BE54-9A1E7A4F7556}") = "fiskaltrust.Middleware.Storage.EFCore.AcceptanceTest", "test\fiskaltrust.Middleware.Storage.EFCore.AcceptanceTest\fiskaltrust.Middleware.Storage.EFCore.AcceptanceTest.csproj", "{98B03E22-6107-4A63-8225-9D456748C76C}"
EndProject
Project("{9A19103F-16F7-4668-BE54-9A1E7A4F7556}") = "fiskaltrust.Middleware.Queue.PostgreSQL", "src\fiskaltrust.Middleware.Queue.PostgreSQL\fiskaltrust.Middleware.Queue.PostgreSQL.csproj", "{D714F9E8-1CF5-42E1-AD8A-9B15846994AA}"
EndProject
Project("{9A19103F-16F7-4668-BE54-9A1E7A4F7556}") = "fiskaltrust.Middleware.Storage.EFCore.SQLServer", "src\fiskaltrust.Middleware.Storage.EFCore.SQLServer\fiskaltrust.Middleware.Storage.EFCore.SQLServer.csproj", "{985E45EE-6998-4493-AD78-55188B9279FA}"
EndProject
Project("{9A19103F-16F7-4668-BE54-9A1E7A4F7556}") = "fiskaltrust.Middleware.Storage.EFCore.PostgreSQL", "src\fiskaltrust.Middleware.Storage.EFCore.PostgreSQL\fiskaltrust.Middleware.Storage.EFCore.PostgreSQL.csproj", "{9CCF6F87-4940-496E-B34C-33256709CC30}"
EndProject
Project("{9A19103F-16F7-4668-BE54-9A1E7A4F7556}") = "fiskaltrust.Middleware.Localization.QueueME", "src\fiskaltrust.Middleware.Localization.QueueME\fiskaltrust.Middleware.Localization.QueueME.csproj", "{FE5F9883-D0AE-48BC-A8B5-B028B1F60C10}"
EndProject
Project("{9A19103F-16F7-4668-BE54-9A1E7A4F7556}") = "fiskaltrust.Middleware.Localization.QueueME.UnitTest", "test\fiskaltrust.Middleware.Localization.QueueME.UnitTest\fiskaltrust.Middleware.Localization.QueueME.UnitTest.csproj", "{BD6E6701-2F8E-43D1-B583-F3DC1CA52D67}"
EndProject
Project("{9A19103F-16F7-4668-BE54-9A1E7A4F7556}") = "fiskaltrust.Middleware.Storage.AzureTableStorage", "src\fiskaltrust.Middleware.Storage.AzureTableStorage\fiskaltrust.Middleware.Storage.AzureTableStorage.csproj", "{87E0049F-9DF1-4F6F-8137-7765A2B16ABA}"
EndProject
Project("{9A19103F-16F7-4668-BE54-9A1E7A4F7556}") = "fiskaltrust.Middleware.Storage.AzureTableStorage.AcceptanceTest", "test\fiskaltrust.Middleware.Storage.AzureTableStorage.AcceptanceTest\fiskaltrust.Middleware.Storage.AzureTableStorage.AcceptanceTest.csproj", "{F39B38CB-B8B7-4537-9130-43131AD51FF2}"
EndProject
Project("{9A19103F-16F7-4668-BE54-9A1E7A4F7556}") = "fiskaltrust.Middleware.Localization.QueueIT", "src\fiskaltrust.Middleware.Localization.QueueIT\fiskaltrust.Middleware.Localization.QueueIT.csproj", "{65633C3A-65AA-4E05-8E56-7A348872CCC3}"
EndProject
Project("{9A19103F-16F7-4668-BE54-9A1E7A4F7556}") = "fiskaltrust.Middleware.Localization.QueueIT.UnitTest", "test\fiskaltrust.Middleware.Localization.QueueIT.UnitTest\fiskaltrust.Middleware.Localization.QueueIT.UnitTest.csproj", "{5FAB9D88-4B90-4DF0-B1B7-1F50DF7CFCA4}"
EndProject
Project("{9A19103F-16F7-4668-BE54-9A1E7A4F7556}") = "fiskaltrust.Middleware.Localization.QueueFR.IntegrationTest", "test\fiskaltrust.Middleware.Localization.QueueFR.IntegrationTest\fiskaltrust.Middleware.Localization.QueueFR.IntegrationTest.csproj", "{7F52D143-9179-4FCF-9DC7-B5F1681BD22A}"
EndProject
Project("{9A19103F-16F7-4668-BE54-9A1E7A4F7556}") = "fiskaltrust.Middleware.Storage.AzureTableStorage.UnitTest", "test\fiskaltrust.Middleware.Storage.AzureTableStorage.UnitTest\fiskaltrust.Middleware.Storage.AzureTableStorage.UnitTest.csproj", "{EEDA285C-82F8-4E6D-AAFA-9E42D3C4F0E6}"
EndProject
Project("{9A19103F-16F7-4668-BE54-9A1E7A4F7556}") = "fiskaltrust.Middleware.Localization.QueuePT", "src\fiskaltrust.Middleware.Localization.QueuePT\fiskaltrust.Middleware.Localization.QueuePT.csproj", "{917D658E-C488-4EA5-A645-EC0E7B78CE19}"
EndProject
Project("{9A19103F-16F7-4668-BE54-9A1E7A4F7556}") = "fiskaltrust.Middleware.Localization.v2", "src\fiskaltrust.Middleware.Localization.v2\fiskaltrust.Middleware.Localization.v2.csproj", "{C2242AC0-0031-4388-BF63-33FE2FBA1DD6}"
EndProject
Project("{2150E333-8FDC-42A3-9474-1A3956D46DE8}") = "v2", "v2", "{095CBF40-606D-4CC5-91E3-D009C271BC16}"
EndProject
Project("{9A19103F-16F7-4668-BE54-9A1E7A4F7556}") = "fiskaltrust.Middleware.Localization.QueuePT.UnitTest", "test\fiskaltrust.Middleware.Localization.QueuePT.UnitTest\fiskaltrust.Middleware.Localization.QueuePT.UnitTest.csproj", "{0A1860FF-6D00-4F85-9058-0854E95CA4CC}"
EndProject
Project("{9A19103F-16F7-4668-BE54-9A1E7A4F7556}") = "fiskaltrust.Middleware.Storage", "src\fiskaltrust.Middleware.Storage\fiskaltrust.Middleware.Storage.csproj", "{AE95A622-FB4B-4C98-A0A3-725C52A736AF}"
EndProject
Project("{9A19103F-16F7-4668-BE54-9A1E7A4F7556}") = "fiskaltrust.Middleware.Localization.QueueGR", "src\fiskaltrust.Middleware.Localization.QueueGR\fiskaltrust.Middleware.Localization.QueueGR.csproj", "{C823688D-1812-4864-BDDC-8BF5E45FEC18}"
EndProject
Project("{9A19103F-16F7-4668-BE54-9A1E7A4F7556}") = "fiskaltrust.Middleware.Localization.QueueGR.UnitTest", "test\fiskaltrust.Middleware.Localization.QueueGR.UnitTest\fiskaltrust.Middleware.Localization.QueueGR.UnitTest.csproj", "{6041CD04-8361-450C-91E7-6275DBF4C17B}"
EndProject
Project("{FAE04EC0-301F-11D3-BF4B-00C04F79EFBC}") = "fiskaltrust.Middleware.Localization.QueueES.UnitTest", "test\fiskaltrust.Middleware.Localization.QueueES.UnitTest\fiskaltrust.Middleware.Localization.QueueES.UnitTest.csproj", "{EA9BED33-E964-4770-8CD8-9A90D6273996}"
EndProject
Project("{FAE04EC0-301F-11D3-BF4B-00C04F79EFBC}") = "fiskaltrust.Middleware.Localization.v2.UnitTest", "test\fiskaltrust.Middleware.Localization.v2.UnitTest\fiskaltrust.Middleware.Localization.v2.UnitTest.csproj", "{5CAB32FD-05F7-45D7-95AD-3265A03899E6}"
EndProject
Project("{FAE04EC0-301F-11D3-BF4B-00C04F79EFBC}") = "fiskaltrust.Middleware.Localization.QueueEU", "src\fiskaltrust.Middleware.Localization.QueueEU\fiskaltrust.Middleware.Localization.QueueEU.csproj", "{A919CB13-7D28-4F1C-B587-816ED8C8659B}"
EndProject
Project("{FAE04EC0-301F-11D3-BF4B-00C04F79EFBC}") = "fiskaltrust.Middleware.Localization.QueueES", "src\fiskaltrust.Middleware.Localization.QueueES\fiskaltrust.Middleware.Localization.QueueES.csproj", "{B297735B-73F4-4D59-B0C6-5BEDBB701B9E}"
EndProject
Global
	GlobalSection(SolutionConfigurationPlatforms) = preSolution
		Debug|Any CPU = Debug|Any CPU
		Debug|x64 = Debug|x64
		Debug|x86 = Debug|x86
		Release|Any CPU = Release|Any CPU
		Release|x64 = Release|x64
		Release|x86 = Release|x86
	EndGlobalSection
	GlobalSection(ProjectConfigurationPlatforms) = postSolution
		{53195623-20D9-46EE-B5E7-46E2262F0F42}.Debug|Any CPU.ActiveCfg = Debug|Any CPU
		{53195623-20D9-46EE-B5E7-46E2262F0F42}.Debug|Any CPU.Build.0 = Debug|Any CPU
		{53195623-20D9-46EE-B5E7-46E2262F0F42}.Debug|x64.ActiveCfg = Debug|Any CPU
		{53195623-20D9-46EE-B5E7-46E2262F0F42}.Debug|x64.Build.0 = Debug|Any CPU
		{53195623-20D9-46EE-B5E7-46E2262F0F42}.Debug|x86.ActiveCfg = Debug|Any CPU
		{53195623-20D9-46EE-B5E7-46E2262F0F42}.Debug|x86.Build.0 = Debug|Any CPU
		{53195623-20D9-46EE-B5E7-46E2262F0F42}.Release|Any CPU.ActiveCfg = Release|Any CPU
		{53195623-20D9-46EE-B5E7-46E2262F0F42}.Release|Any CPU.Build.0 = Release|Any CPU
		{53195623-20D9-46EE-B5E7-46E2262F0F42}.Release|x64.ActiveCfg = Release|Any CPU
		{53195623-20D9-46EE-B5E7-46E2262F0F42}.Release|x64.Build.0 = Release|Any CPU
		{53195623-20D9-46EE-B5E7-46E2262F0F42}.Release|x86.ActiveCfg = Release|Any CPU
		{53195623-20D9-46EE-B5E7-46E2262F0F42}.Release|x86.Build.0 = Release|Any CPU
		{70121F70-9A63-4DAF-821D-5BBA2468FA8F}.Debug|Any CPU.ActiveCfg = Debug|Any CPU
		{70121F70-9A63-4DAF-821D-5BBA2468FA8F}.Debug|Any CPU.Build.0 = Debug|Any CPU
		{70121F70-9A63-4DAF-821D-5BBA2468FA8F}.Debug|x64.ActiveCfg = Debug|Any CPU
		{70121F70-9A63-4DAF-821D-5BBA2468FA8F}.Debug|x64.Build.0 = Debug|Any CPU
		{70121F70-9A63-4DAF-821D-5BBA2468FA8F}.Debug|x86.ActiveCfg = Debug|Any CPU
		{70121F70-9A63-4DAF-821D-5BBA2468FA8F}.Debug|x86.Build.0 = Debug|Any CPU
		{70121F70-9A63-4DAF-821D-5BBA2468FA8F}.Release|Any CPU.ActiveCfg = Release|Any CPU
		{70121F70-9A63-4DAF-821D-5BBA2468FA8F}.Release|Any CPU.Build.0 = Release|Any CPU
		{70121F70-9A63-4DAF-821D-5BBA2468FA8F}.Release|x64.ActiveCfg = Release|Any CPU
		{70121F70-9A63-4DAF-821D-5BBA2468FA8F}.Release|x64.Build.0 = Release|Any CPU
		{70121F70-9A63-4DAF-821D-5BBA2468FA8F}.Release|x86.ActiveCfg = Release|Any CPU
		{70121F70-9A63-4DAF-821D-5BBA2468FA8F}.Release|x86.Build.0 = Release|Any CPU
		{C922F6D1-D37D-41F0-A672-BE76F915A753}.Debug|Any CPU.ActiveCfg = Debug|Any CPU
		{C922F6D1-D37D-41F0-A672-BE76F915A753}.Debug|Any CPU.Build.0 = Debug|Any CPU
		{C922F6D1-D37D-41F0-A672-BE76F915A753}.Debug|x64.ActiveCfg = Debug|Any CPU
		{C922F6D1-D37D-41F0-A672-BE76F915A753}.Debug|x64.Build.0 = Debug|Any CPU
		{C922F6D1-D37D-41F0-A672-BE76F915A753}.Debug|x86.ActiveCfg = Debug|Any CPU
		{C922F6D1-D37D-41F0-A672-BE76F915A753}.Debug|x86.Build.0 = Debug|Any CPU
		{C922F6D1-D37D-41F0-A672-BE76F915A753}.Release|Any CPU.ActiveCfg = Release|Any CPU
		{C922F6D1-D37D-41F0-A672-BE76F915A753}.Release|Any CPU.Build.0 = Release|Any CPU
		{C922F6D1-D37D-41F0-A672-BE76F915A753}.Release|x64.ActiveCfg = Release|Any CPU
		{C922F6D1-D37D-41F0-A672-BE76F915A753}.Release|x64.Build.0 = Release|Any CPU
		{C922F6D1-D37D-41F0-A672-BE76F915A753}.Release|x86.ActiveCfg = Release|Any CPU
		{C922F6D1-D37D-41F0-A672-BE76F915A753}.Release|x86.Build.0 = Release|Any CPU
		{E43674AD-E2C2-433F-A67D-6ADCB11F6B44}.Debug|Any CPU.ActiveCfg = Debug|Any CPU
		{E43674AD-E2C2-433F-A67D-6ADCB11F6B44}.Debug|Any CPU.Build.0 = Debug|Any CPU
		{E43674AD-E2C2-433F-A67D-6ADCB11F6B44}.Debug|x64.ActiveCfg = Debug|Any CPU
		{E43674AD-E2C2-433F-A67D-6ADCB11F6B44}.Debug|x64.Build.0 = Debug|Any CPU
		{E43674AD-E2C2-433F-A67D-6ADCB11F6B44}.Debug|x86.ActiveCfg = Debug|Any CPU
		{E43674AD-E2C2-433F-A67D-6ADCB11F6B44}.Debug|x86.Build.0 = Debug|Any CPU
		{E43674AD-E2C2-433F-A67D-6ADCB11F6B44}.Release|Any CPU.ActiveCfg = Release|Any CPU
		{E43674AD-E2C2-433F-A67D-6ADCB11F6B44}.Release|Any CPU.Build.0 = Release|Any CPU
		{E43674AD-E2C2-433F-A67D-6ADCB11F6B44}.Release|x64.ActiveCfg = Release|Any CPU
		{E43674AD-E2C2-433F-A67D-6ADCB11F6B44}.Release|x64.Build.0 = Release|Any CPU
		{E43674AD-E2C2-433F-A67D-6ADCB11F6B44}.Release|x86.ActiveCfg = Release|Any CPU
		{E43674AD-E2C2-433F-A67D-6ADCB11F6B44}.Release|x86.Build.0 = Release|Any CPU
		{DFDBCF70-04BB-4946-BBE7-78B820F3F399}.Debug|Any CPU.ActiveCfg = Debug|Any CPU
		{DFDBCF70-04BB-4946-BBE7-78B820F3F399}.Debug|Any CPU.Build.0 = Debug|Any CPU
		{DFDBCF70-04BB-4946-BBE7-78B820F3F399}.Debug|x64.ActiveCfg = Debug|Any CPU
		{DFDBCF70-04BB-4946-BBE7-78B820F3F399}.Debug|x64.Build.0 = Debug|Any CPU
		{DFDBCF70-04BB-4946-BBE7-78B820F3F399}.Debug|x86.ActiveCfg = Debug|Any CPU
		{DFDBCF70-04BB-4946-BBE7-78B820F3F399}.Debug|x86.Build.0 = Debug|Any CPU
		{DFDBCF70-04BB-4946-BBE7-78B820F3F399}.Release|Any CPU.ActiveCfg = Release|Any CPU
		{DFDBCF70-04BB-4946-BBE7-78B820F3F399}.Release|Any CPU.Build.0 = Release|Any CPU
		{DFDBCF70-04BB-4946-BBE7-78B820F3F399}.Release|x64.ActiveCfg = Release|Any CPU
		{DFDBCF70-04BB-4946-BBE7-78B820F3F399}.Release|x64.Build.0 = Release|Any CPU
		{DFDBCF70-04BB-4946-BBE7-78B820F3F399}.Release|x86.ActiveCfg = Release|Any CPU
		{DFDBCF70-04BB-4946-BBE7-78B820F3F399}.Release|x86.Build.0 = Release|Any CPU
		{6F1BA52A-E55A-4374-BE57-BF5CE6E21147}.Debug|Any CPU.ActiveCfg = Debug|Any CPU
		{6F1BA52A-E55A-4374-BE57-BF5CE6E21147}.Debug|Any CPU.Build.0 = Debug|Any CPU
		{6F1BA52A-E55A-4374-BE57-BF5CE6E21147}.Debug|x64.ActiveCfg = Debug|Any CPU
		{6F1BA52A-E55A-4374-BE57-BF5CE6E21147}.Debug|x64.Build.0 = Debug|Any CPU
		{6F1BA52A-E55A-4374-BE57-BF5CE6E21147}.Debug|x86.ActiveCfg = Debug|Any CPU
		{6F1BA52A-E55A-4374-BE57-BF5CE6E21147}.Debug|x86.Build.0 = Debug|Any CPU
		{6F1BA52A-E55A-4374-BE57-BF5CE6E21147}.Release|Any CPU.ActiveCfg = Release|Any CPU
		{6F1BA52A-E55A-4374-BE57-BF5CE6E21147}.Release|Any CPU.Build.0 = Release|Any CPU
		{6F1BA52A-E55A-4374-BE57-BF5CE6E21147}.Release|x64.ActiveCfg = Release|Any CPU
		{6F1BA52A-E55A-4374-BE57-BF5CE6E21147}.Release|x64.Build.0 = Release|Any CPU
		{6F1BA52A-E55A-4374-BE57-BF5CE6E21147}.Release|x86.ActiveCfg = Release|Any CPU
		{6F1BA52A-E55A-4374-BE57-BF5CE6E21147}.Release|x86.Build.0 = Release|Any CPU
		{26BC4FC8-5174-41DD-92AD-18CCB14C307D}.Debug|Any CPU.ActiveCfg = Debug|Any CPU
		{26BC4FC8-5174-41DD-92AD-18CCB14C307D}.Debug|Any CPU.Build.0 = Debug|Any CPU
		{26BC4FC8-5174-41DD-92AD-18CCB14C307D}.Debug|x64.ActiveCfg = Debug|Any CPU
		{26BC4FC8-5174-41DD-92AD-18CCB14C307D}.Debug|x64.Build.0 = Debug|Any CPU
		{26BC4FC8-5174-41DD-92AD-18CCB14C307D}.Debug|x86.ActiveCfg = Debug|Any CPU
		{26BC4FC8-5174-41DD-92AD-18CCB14C307D}.Debug|x86.Build.0 = Debug|Any CPU
		{26BC4FC8-5174-41DD-92AD-18CCB14C307D}.Release|Any CPU.ActiveCfg = Release|Any CPU
		{26BC4FC8-5174-41DD-92AD-18CCB14C307D}.Release|Any CPU.Build.0 = Release|Any CPU
		{26BC4FC8-5174-41DD-92AD-18CCB14C307D}.Release|x64.ActiveCfg = Release|Any CPU
		{26BC4FC8-5174-41DD-92AD-18CCB14C307D}.Release|x64.Build.0 = Release|Any CPU
		{26BC4FC8-5174-41DD-92AD-18CCB14C307D}.Release|x86.ActiveCfg = Release|Any CPU
		{26BC4FC8-5174-41DD-92AD-18CCB14C307D}.Release|x86.Build.0 = Release|Any CPU
		{496FFF83-A383-4A3A-BE5E-9356FE94D96C}.Debug|Any CPU.ActiveCfg = Debug|Any CPU
		{496FFF83-A383-4A3A-BE5E-9356FE94D96C}.Debug|Any CPU.Build.0 = Debug|Any CPU
		{496FFF83-A383-4A3A-BE5E-9356FE94D96C}.Debug|x64.ActiveCfg = Debug|Any CPU
		{496FFF83-A383-4A3A-BE5E-9356FE94D96C}.Debug|x64.Build.0 = Debug|Any CPU
		{496FFF83-A383-4A3A-BE5E-9356FE94D96C}.Debug|x86.ActiveCfg = Debug|Any CPU
		{496FFF83-A383-4A3A-BE5E-9356FE94D96C}.Debug|x86.Build.0 = Debug|Any CPU
		{496FFF83-A383-4A3A-BE5E-9356FE94D96C}.Release|Any CPU.ActiveCfg = Release|Any CPU
		{496FFF83-A383-4A3A-BE5E-9356FE94D96C}.Release|Any CPU.Build.0 = Release|Any CPU
		{496FFF83-A383-4A3A-BE5E-9356FE94D96C}.Release|x64.ActiveCfg = Release|Any CPU
		{496FFF83-A383-4A3A-BE5E-9356FE94D96C}.Release|x64.Build.0 = Release|Any CPU
		{496FFF83-A383-4A3A-BE5E-9356FE94D96C}.Release|x86.ActiveCfg = Release|Any CPU
		{496FFF83-A383-4A3A-BE5E-9356FE94D96C}.Release|x86.Build.0 = Release|Any CPU
		{63EA59ED-67AF-4793-AB36-EEA5F8E333B9}.Debug|Any CPU.ActiveCfg = Debug|Any CPU
		{63EA59ED-67AF-4793-AB36-EEA5F8E333B9}.Debug|Any CPU.Build.0 = Debug|Any CPU
		{63EA59ED-67AF-4793-AB36-EEA5F8E333B9}.Debug|x64.ActiveCfg = Debug|Any CPU
		{63EA59ED-67AF-4793-AB36-EEA5F8E333B9}.Debug|x64.Build.0 = Debug|Any CPU
		{63EA59ED-67AF-4793-AB36-EEA5F8E333B9}.Debug|x86.ActiveCfg = Debug|Any CPU
		{63EA59ED-67AF-4793-AB36-EEA5F8E333B9}.Debug|x86.Build.0 = Debug|Any CPU
		{63EA59ED-67AF-4793-AB36-EEA5F8E333B9}.Release|Any CPU.ActiveCfg = Release|Any CPU
		{63EA59ED-67AF-4793-AB36-EEA5F8E333B9}.Release|Any CPU.Build.0 = Release|Any CPU
		{63EA59ED-67AF-4793-AB36-EEA5F8E333B9}.Release|x64.ActiveCfg = Release|Any CPU
		{63EA59ED-67AF-4793-AB36-EEA5F8E333B9}.Release|x64.Build.0 = Release|Any CPU
		{63EA59ED-67AF-4793-AB36-EEA5F8E333B9}.Release|x86.ActiveCfg = Release|Any CPU
		{63EA59ED-67AF-4793-AB36-EEA5F8E333B9}.Release|x86.Build.0 = Release|Any CPU
		{7B36659D-3350-4AC6-A7DF-B8C6335E3834}.Debug|Any CPU.ActiveCfg = Debug|Any CPU
		{7B36659D-3350-4AC6-A7DF-B8C6335E3834}.Debug|Any CPU.Build.0 = Debug|Any CPU
		{7B36659D-3350-4AC6-A7DF-B8C6335E3834}.Debug|x64.ActiveCfg = Debug|Any CPU
		{7B36659D-3350-4AC6-A7DF-B8C6335E3834}.Debug|x64.Build.0 = Debug|Any CPU
		{7B36659D-3350-4AC6-A7DF-B8C6335E3834}.Debug|x86.ActiveCfg = Debug|Any CPU
		{7B36659D-3350-4AC6-A7DF-B8C6335E3834}.Debug|x86.Build.0 = Debug|Any CPU
		{7B36659D-3350-4AC6-A7DF-B8C6335E3834}.Release|Any CPU.ActiveCfg = Release|Any CPU
		{7B36659D-3350-4AC6-A7DF-B8C6335E3834}.Release|Any CPU.Build.0 = Release|Any CPU
		{7B36659D-3350-4AC6-A7DF-B8C6335E3834}.Release|x64.ActiveCfg = Release|Any CPU
		{7B36659D-3350-4AC6-A7DF-B8C6335E3834}.Release|x64.Build.0 = Release|Any CPU
		{7B36659D-3350-4AC6-A7DF-B8C6335E3834}.Release|x86.ActiveCfg = Release|Any CPU
		{7B36659D-3350-4AC6-A7DF-B8C6335E3834}.Release|x86.Build.0 = Release|Any CPU
		{2835F94A-E4D9-4C81-93C1-8D2AD9047BDC}.Debug|Any CPU.ActiveCfg = Debug|Any CPU
		{2835F94A-E4D9-4C81-93C1-8D2AD9047BDC}.Debug|Any CPU.Build.0 = Debug|Any CPU
		{2835F94A-E4D9-4C81-93C1-8D2AD9047BDC}.Debug|x64.ActiveCfg = Debug|Any CPU
		{2835F94A-E4D9-4C81-93C1-8D2AD9047BDC}.Debug|x64.Build.0 = Debug|Any CPU
		{2835F94A-E4D9-4C81-93C1-8D2AD9047BDC}.Debug|x86.ActiveCfg = Debug|Any CPU
		{2835F94A-E4D9-4C81-93C1-8D2AD9047BDC}.Debug|x86.Build.0 = Debug|Any CPU
		{2835F94A-E4D9-4C81-93C1-8D2AD9047BDC}.Release|Any CPU.ActiveCfg = Release|Any CPU
		{2835F94A-E4D9-4C81-93C1-8D2AD9047BDC}.Release|Any CPU.Build.0 = Release|Any CPU
		{2835F94A-E4D9-4C81-93C1-8D2AD9047BDC}.Release|x64.ActiveCfg = Release|Any CPU
		{2835F94A-E4D9-4C81-93C1-8D2AD9047BDC}.Release|x64.Build.0 = Release|Any CPU
		{2835F94A-E4D9-4C81-93C1-8D2AD9047BDC}.Release|x86.ActiveCfg = Release|Any CPU
		{2835F94A-E4D9-4C81-93C1-8D2AD9047BDC}.Release|x86.Build.0 = Release|Any CPU
		{79E8B539-6655-4AB0-BE94-650F209FFD7A}.Debug|Any CPU.ActiveCfg = Debug|Any CPU
		{79E8B539-6655-4AB0-BE94-650F209FFD7A}.Debug|Any CPU.Build.0 = Debug|Any CPU
		{79E8B539-6655-4AB0-BE94-650F209FFD7A}.Debug|x64.ActiveCfg = Debug|Any CPU
		{79E8B539-6655-4AB0-BE94-650F209FFD7A}.Debug|x64.Build.0 = Debug|Any CPU
		{79E8B539-6655-4AB0-BE94-650F209FFD7A}.Debug|x86.ActiveCfg = Debug|Any CPU
		{79E8B539-6655-4AB0-BE94-650F209FFD7A}.Debug|x86.Build.0 = Debug|Any CPU
		{79E8B539-6655-4AB0-BE94-650F209FFD7A}.Release|Any CPU.ActiveCfg = Release|Any CPU
		{79E8B539-6655-4AB0-BE94-650F209FFD7A}.Release|Any CPU.Build.0 = Release|Any CPU
		{79E8B539-6655-4AB0-BE94-650F209FFD7A}.Release|x64.ActiveCfg = Release|Any CPU
		{79E8B539-6655-4AB0-BE94-650F209FFD7A}.Release|x64.Build.0 = Release|Any CPU
		{79E8B539-6655-4AB0-BE94-650F209FFD7A}.Release|x86.ActiveCfg = Release|Any CPU
		{79E8B539-6655-4AB0-BE94-650F209FFD7A}.Release|x86.Build.0 = Release|Any CPU
		{5B44CEB6-C073-4415-8CDE-F187A0E4BA4C}.Debug|Any CPU.ActiveCfg = Debug|Any CPU
		{5B44CEB6-C073-4415-8CDE-F187A0E4BA4C}.Debug|Any CPU.Build.0 = Debug|Any CPU
		{5B44CEB6-C073-4415-8CDE-F187A0E4BA4C}.Debug|x64.ActiveCfg = Debug|Any CPU
		{5B44CEB6-C073-4415-8CDE-F187A0E4BA4C}.Debug|x64.Build.0 = Debug|Any CPU
		{5B44CEB6-C073-4415-8CDE-F187A0E4BA4C}.Debug|x86.ActiveCfg = Debug|Any CPU
		{5B44CEB6-C073-4415-8CDE-F187A0E4BA4C}.Debug|x86.Build.0 = Debug|Any CPU
		{5B44CEB6-C073-4415-8CDE-F187A0E4BA4C}.Release|Any CPU.ActiveCfg = Release|Any CPU
		{5B44CEB6-C073-4415-8CDE-F187A0E4BA4C}.Release|Any CPU.Build.0 = Release|Any CPU
		{5B44CEB6-C073-4415-8CDE-F187A0E4BA4C}.Release|x64.ActiveCfg = Release|Any CPU
		{5B44CEB6-C073-4415-8CDE-F187A0E4BA4C}.Release|x64.Build.0 = Release|Any CPU
		{5B44CEB6-C073-4415-8CDE-F187A0E4BA4C}.Release|x86.ActiveCfg = Release|Any CPU
		{5B44CEB6-C073-4415-8CDE-F187A0E4BA4C}.Release|x86.Build.0 = Release|Any CPU
		{7B230509-EE70-46FF-9AE6-F115D0E9EFE5}.Debug|Any CPU.ActiveCfg = Debug|Any CPU
		{7B230509-EE70-46FF-9AE6-F115D0E9EFE5}.Debug|Any CPU.Build.0 = Debug|Any CPU
		{7B230509-EE70-46FF-9AE6-F115D0E9EFE5}.Debug|x64.ActiveCfg = Debug|Any CPU
		{7B230509-EE70-46FF-9AE6-F115D0E9EFE5}.Debug|x64.Build.0 = Debug|Any CPU
		{7B230509-EE70-46FF-9AE6-F115D0E9EFE5}.Debug|x86.ActiveCfg = Debug|Any CPU
		{7B230509-EE70-46FF-9AE6-F115D0E9EFE5}.Debug|x86.Build.0 = Debug|Any CPU
		{7B230509-EE70-46FF-9AE6-F115D0E9EFE5}.Release|Any CPU.ActiveCfg = Release|Any CPU
		{7B230509-EE70-46FF-9AE6-F115D0E9EFE5}.Release|Any CPU.Build.0 = Release|Any CPU
		{7B230509-EE70-46FF-9AE6-F115D0E9EFE5}.Release|x64.ActiveCfg = Release|Any CPU
		{7B230509-EE70-46FF-9AE6-F115D0E9EFE5}.Release|x64.Build.0 = Release|Any CPU
		{7B230509-EE70-46FF-9AE6-F115D0E9EFE5}.Release|x86.ActiveCfg = Release|Any CPU
		{7B230509-EE70-46FF-9AE6-F115D0E9EFE5}.Release|x86.Build.0 = Release|Any CPU
		{3CBD7981-3123-459D-9DEC-EFB015CBFDAA}.Debug|Any CPU.ActiveCfg = Debug|Any CPU
		{3CBD7981-3123-459D-9DEC-EFB015CBFDAA}.Debug|Any CPU.Build.0 = Debug|Any CPU
		{3CBD7981-3123-459D-9DEC-EFB015CBFDAA}.Debug|x64.ActiveCfg = Debug|Any CPU
		{3CBD7981-3123-459D-9DEC-EFB015CBFDAA}.Debug|x64.Build.0 = Debug|Any CPU
		{3CBD7981-3123-459D-9DEC-EFB015CBFDAA}.Debug|x86.ActiveCfg = Debug|Any CPU
		{3CBD7981-3123-459D-9DEC-EFB015CBFDAA}.Debug|x86.Build.0 = Debug|Any CPU
		{3CBD7981-3123-459D-9DEC-EFB015CBFDAA}.Release|Any CPU.ActiveCfg = Release|Any CPU
		{3CBD7981-3123-459D-9DEC-EFB015CBFDAA}.Release|Any CPU.Build.0 = Release|Any CPU
		{3CBD7981-3123-459D-9DEC-EFB015CBFDAA}.Release|x64.ActiveCfg = Release|Any CPU
		{3CBD7981-3123-459D-9DEC-EFB015CBFDAA}.Release|x64.Build.0 = Release|Any CPU
		{3CBD7981-3123-459D-9DEC-EFB015CBFDAA}.Release|x86.ActiveCfg = Release|Any CPU
		{3CBD7981-3123-459D-9DEC-EFB015CBFDAA}.Release|x86.Build.0 = Release|Any CPU
		{0BC379F5-3629-42CB-9BA5-2616CBAEC44C}.Debug|Any CPU.ActiveCfg = Debug|Any CPU
		{0BC379F5-3629-42CB-9BA5-2616CBAEC44C}.Debug|Any CPU.Build.0 = Debug|Any CPU
		{0BC379F5-3629-42CB-9BA5-2616CBAEC44C}.Debug|x64.ActiveCfg = Debug|Any CPU
		{0BC379F5-3629-42CB-9BA5-2616CBAEC44C}.Debug|x64.Build.0 = Debug|Any CPU
		{0BC379F5-3629-42CB-9BA5-2616CBAEC44C}.Debug|x86.ActiveCfg = Debug|Any CPU
		{0BC379F5-3629-42CB-9BA5-2616CBAEC44C}.Debug|x86.Build.0 = Debug|Any CPU
		{0BC379F5-3629-42CB-9BA5-2616CBAEC44C}.Release|Any CPU.ActiveCfg = Release|Any CPU
		{0BC379F5-3629-42CB-9BA5-2616CBAEC44C}.Release|Any CPU.Build.0 = Release|Any CPU
		{0BC379F5-3629-42CB-9BA5-2616CBAEC44C}.Release|x64.ActiveCfg = Release|Any CPU
		{0BC379F5-3629-42CB-9BA5-2616CBAEC44C}.Release|x64.Build.0 = Release|Any CPU
		{0BC379F5-3629-42CB-9BA5-2616CBAEC44C}.Release|x86.ActiveCfg = Release|Any CPU
		{0BC379F5-3629-42CB-9BA5-2616CBAEC44C}.Release|x86.Build.0 = Release|Any CPU
		{F9FC32A7-E7F3-4C74-91AE-D69612673E55}.Debug|Any CPU.ActiveCfg = Debug|Any CPU
		{F9FC32A7-E7F3-4C74-91AE-D69612673E55}.Debug|Any CPU.Build.0 = Debug|Any CPU
		{F9FC32A7-E7F3-4C74-91AE-D69612673E55}.Debug|x64.ActiveCfg = Debug|Any CPU
		{F9FC32A7-E7F3-4C74-91AE-D69612673E55}.Debug|x64.Build.0 = Debug|Any CPU
		{F9FC32A7-E7F3-4C74-91AE-D69612673E55}.Debug|x86.ActiveCfg = Debug|Any CPU
		{F9FC32A7-E7F3-4C74-91AE-D69612673E55}.Debug|x86.Build.0 = Debug|Any CPU
		{F9FC32A7-E7F3-4C74-91AE-D69612673E55}.Release|Any CPU.ActiveCfg = Release|Any CPU
		{F9FC32A7-E7F3-4C74-91AE-D69612673E55}.Release|Any CPU.Build.0 = Release|Any CPU
		{F9FC32A7-E7F3-4C74-91AE-D69612673E55}.Release|x64.ActiveCfg = Release|Any CPU
		{F9FC32A7-E7F3-4C74-91AE-D69612673E55}.Release|x64.Build.0 = Release|Any CPU
		{F9FC32A7-E7F3-4C74-91AE-D69612673E55}.Release|x86.ActiveCfg = Release|Any CPU
		{F9FC32A7-E7F3-4C74-91AE-D69612673E55}.Release|x86.Build.0 = Release|Any CPU
		{BBDA19AB-756D-4822-80AB-153674EB5152}.Debug|Any CPU.ActiveCfg = Debug|Any CPU
		{BBDA19AB-756D-4822-80AB-153674EB5152}.Debug|Any CPU.Build.0 = Debug|Any CPU
		{BBDA19AB-756D-4822-80AB-153674EB5152}.Debug|x64.ActiveCfg = Debug|Any CPU
		{BBDA19AB-756D-4822-80AB-153674EB5152}.Debug|x64.Build.0 = Debug|Any CPU
		{BBDA19AB-756D-4822-80AB-153674EB5152}.Debug|x86.ActiveCfg = Debug|Any CPU
		{BBDA19AB-756D-4822-80AB-153674EB5152}.Debug|x86.Build.0 = Debug|Any CPU
		{BBDA19AB-756D-4822-80AB-153674EB5152}.Release|Any CPU.ActiveCfg = Release|Any CPU
		{BBDA19AB-756D-4822-80AB-153674EB5152}.Release|Any CPU.Build.0 = Release|Any CPU
		{BBDA19AB-756D-4822-80AB-153674EB5152}.Release|x64.ActiveCfg = Release|Any CPU
		{BBDA19AB-756D-4822-80AB-153674EB5152}.Release|x64.Build.0 = Release|Any CPU
		{BBDA19AB-756D-4822-80AB-153674EB5152}.Release|x86.ActiveCfg = Release|Any CPU
		{BBDA19AB-756D-4822-80AB-153674EB5152}.Release|x86.Build.0 = Release|Any CPU
		{E34D5867-4F67-44CF-B8DA-9E91FF0327DF}.Debug|Any CPU.ActiveCfg = Debug|Any CPU
		{E34D5867-4F67-44CF-B8DA-9E91FF0327DF}.Debug|Any CPU.Build.0 = Debug|Any CPU
		{E34D5867-4F67-44CF-B8DA-9E91FF0327DF}.Debug|x64.ActiveCfg = Debug|Any CPU
		{E34D5867-4F67-44CF-B8DA-9E91FF0327DF}.Debug|x64.Build.0 = Debug|Any CPU
		{E34D5867-4F67-44CF-B8DA-9E91FF0327DF}.Debug|x86.ActiveCfg = Debug|Any CPU
		{E34D5867-4F67-44CF-B8DA-9E91FF0327DF}.Debug|x86.Build.0 = Debug|Any CPU
		{E34D5867-4F67-44CF-B8DA-9E91FF0327DF}.Release|Any CPU.ActiveCfg = Release|Any CPU
		{E34D5867-4F67-44CF-B8DA-9E91FF0327DF}.Release|Any CPU.Build.0 = Release|Any CPU
		{E34D5867-4F67-44CF-B8DA-9E91FF0327DF}.Release|x64.ActiveCfg = Release|Any CPU
		{E34D5867-4F67-44CF-B8DA-9E91FF0327DF}.Release|x64.Build.0 = Release|Any CPU
		{E34D5867-4F67-44CF-B8DA-9E91FF0327DF}.Release|x86.ActiveCfg = Release|Any CPU
		{E34D5867-4F67-44CF-B8DA-9E91FF0327DF}.Release|x86.Build.0 = Release|Any CPU
		{E1D772DC-2114-4DDA-B2C7-6421A6D9DFF5}.Debug|Any CPU.ActiveCfg = Debug|Any CPU
		{E1D772DC-2114-4DDA-B2C7-6421A6D9DFF5}.Debug|Any CPU.Build.0 = Debug|Any CPU
		{E1D772DC-2114-4DDA-B2C7-6421A6D9DFF5}.Debug|x64.ActiveCfg = Debug|Any CPU
		{E1D772DC-2114-4DDA-B2C7-6421A6D9DFF5}.Debug|x64.Build.0 = Debug|Any CPU
		{E1D772DC-2114-4DDA-B2C7-6421A6D9DFF5}.Debug|x86.ActiveCfg = Debug|Any CPU
		{E1D772DC-2114-4DDA-B2C7-6421A6D9DFF5}.Debug|x86.Build.0 = Debug|Any CPU
		{E1D772DC-2114-4DDA-B2C7-6421A6D9DFF5}.Release|Any CPU.ActiveCfg = Release|Any CPU
		{E1D772DC-2114-4DDA-B2C7-6421A6D9DFF5}.Release|Any CPU.Build.0 = Release|Any CPU
		{E1D772DC-2114-4DDA-B2C7-6421A6D9DFF5}.Release|x64.ActiveCfg = Release|Any CPU
		{E1D772DC-2114-4DDA-B2C7-6421A6D9DFF5}.Release|x64.Build.0 = Release|Any CPU
		{E1D772DC-2114-4DDA-B2C7-6421A6D9DFF5}.Release|x86.ActiveCfg = Release|Any CPU
		{E1D772DC-2114-4DDA-B2C7-6421A6D9DFF5}.Release|x86.Build.0 = Release|Any CPU
		{C11F8D87-4B69-41AA-AFCE-17342D00F535}.Debug|Any CPU.ActiveCfg = Debug|Any CPU
		{C11F8D87-4B69-41AA-AFCE-17342D00F535}.Debug|Any CPU.Build.0 = Debug|Any CPU
		{C11F8D87-4B69-41AA-AFCE-17342D00F535}.Debug|x64.ActiveCfg = Debug|Any CPU
		{C11F8D87-4B69-41AA-AFCE-17342D00F535}.Debug|x64.Build.0 = Debug|Any CPU
		{C11F8D87-4B69-41AA-AFCE-17342D00F535}.Debug|x86.ActiveCfg = Debug|Any CPU
		{C11F8D87-4B69-41AA-AFCE-17342D00F535}.Debug|x86.Build.0 = Debug|Any CPU
		{C11F8D87-4B69-41AA-AFCE-17342D00F535}.Release|Any CPU.ActiveCfg = Release|Any CPU
		{C11F8D87-4B69-41AA-AFCE-17342D00F535}.Release|Any CPU.Build.0 = Release|Any CPU
		{C11F8D87-4B69-41AA-AFCE-17342D00F535}.Release|x64.ActiveCfg = Release|Any CPU
		{C11F8D87-4B69-41AA-AFCE-17342D00F535}.Release|x64.Build.0 = Release|Any CPU
		{C11F8D87-4B69-41AA-AFCE-17342D00F535}.Release|x86.ActiveCfg = Release|Any CPU
		{C11F8D87-4B69-41AA-AFCE-17342D00F535}.Release|x86.Build.0 = Release|Any CPU
		{B4A649C1-D137-4AF8-82B9-ED3A76407B4E}.Debug|Any CPU.ActiveCfg = Debug|Any CPU
		{B4A649C1-D137-4AF8-82B9-ED3A76407B4E}.Debug|Any CPU.Build.0 = Debug|Any CPU
		{B4A649C1-D137-4AF8-82B9-ED3A76407B4E}.Debug|x64.ActiveCfg = Debug|Any CPU
		{B4A649C1-D137-4AF8-82B9-ED3A76407B4E}.Debug|x64.Build.0 = Debug|Any CPU
		{B4A649C1-D137-4AF8-82B9-ED3A76407B4E}.Debug|x86.ActiveCfg = Debug|Any CPU
		{B4A649C1-D137-4AF8-82B9-ED3A76407B4E}.Debug|x86.Build.0 = Debug|Any CPU
		{B4A649C1-D137-4AF8-82B9-ED3A76407B4E}.Release|Any CPU.ActiveCfg = Release|Any CPU
		{B4A649C1-D137-4AF8-82B9-ED3A76407B4E}.Release|Any CPU.Build.0 = Release|Any CPU
		{B4A649C1-D137-4AF8-82B9-ED3A76407B4E}.Release|x64.ActiveCfg = Release|Any CPU
		{B4A649C1-D137-4AF8-82B9-ED3A76407B4E}.Release|x64.Build.0 = Release|Any CPU
		{B4A649C1-D137-4AF8-82B9-ED3A76407B4E}.Release|x86.ActiveCfg = Release|Any CPU
		{B4A649C1-D137-4AF8-82B9-ED3A76407B4E}.Release|x86.Build.0 = Release|Any CPU
		{A984EC5A-0C33-4375-B2F9-45E0E13C7716}.Debug|Any CPU.ActiveCfg = Debug|Any CPU
		{A984EC5A-0C33-4375-B2F9-45E0E13C7716}.Debug|Any CPU.Build.0 = Debug|Any CPU
		{A984EC5A-0C33-4375-B2F9-45E0E13C7716}.Debug|x64.ActiveCfg = Debug|Any CPU
		{A984EC5A-0C33-4375-B2F9-45E0E13C7716}.Debug|x64.Build.0 = Debug|Any CPU
		{A984EC5A-0C33-4375-B2F9-45E0E13C7716}.Debug|x86.ActiveCfg = Debug|Any CPU
		{A984EC5A-0C33-4375-B2F9-45E0E13C7716}.Debug|x86.Build.0 = Debug|Any CPU
		{A984EC5A-0C33-4375-B2F9-45E0E13C7716}.Release|Any CPU.ActiveCfg = Release|Any CPU
		{A984EC5A-0C33-4375-B2F9-45E0E13C7716}.Release|Any CPU.Build.0 = Release|Any CPU
		{A984EC5A-0C33-4375-B2F9-45E0E13C7716}.Release|x64.ActiveCfg = Release|Any CPU
		{A984EC5A-0C33-4375-B2F9-45E0E13C7716}.Release|x64.Build.0 = Release|Any CPU
		{A984EC5A-0C33-4375-B2F9-45E0E13C7716}.Release|x86.ActiveCfg = Release|Any CPU
		{A984EC5A-0C33-4375-B2F9-45E0E13C7716}.Release|x86.Build.0 = Release|Any CPU
		{DF8A0F14-19DE-4523-B5AA-944896D01B48}.Debug|Any CPU.ActiveCfg = Debug|Any CPU
		{DF8A0F14-19DE-4523-B5AA-944896D01B48}.Debug|Any CPU.Build.0 = Debug|Any CPU
		{DF8A0F14-19DE-4523-B5AA-944896D01B48}.Debug|x64.ActiveCfg = Debug|Any CPU
		{DF8A0F14-19DE-4523-B5AA-944896D01B48}.Debug|x64.Build.0 = Debug|Any CPU
		{DF8A0F14-19DE-4523-B5AA-944896D01B48}.Debug|x86.ActiveCfg = Debug|Any CPU
		{DF8A0F14-19DE-4523-B5AA-944896D01B48}.Debug|x86.Build.0 = Debug|Any CPU
		{DF8A0F14-19DE-4523-B5AA-944896D01B48}.Release|Any CPU.ActiveCfg = Release|Any CPU
		{DF8A0F14-19DE-4523-B5AA-944896D01B48}.Release|Any CPU.Build.0 = Release|Any CPU
		{DF8A0F14-19DE-4523-B5AA-944896D01B48}.Release|x64.ActiveCfg = Release|Any CPU
		{DF8A0F14-19DE-4523-B5AA-944896D01B48}.Release|x64.Build.0 = Release|Any CPU
		{DF8A0F14-19DE-4523-B5AA-944896D01B48}.Release|x86.ActiveCfg = Release|Any CPU
		{DF8A0F14-19DE-4523-B5AA-944896D01B48}.Release|x86.Build.0 = Release|Any CPU
		{109FCBED-5FCA-476C-B39D-05F9E62A1556}.Debug|Any CPU.ActiveCfg = Debug|Any CPU
		{109FCBED-5FCA-476C-B39D-05F9E62A1556}.Debug|Any CPU.Build.0 = Debug|Any CPU
		{109FCBED-5FCA-476C-B39D-05F9E62A1556}.Debug|x64.ActiveCfg = Debug|Any CPU
		{109FCBED-5FCA-476C-B39D-05F9E62A1556}.Debug|x64.Build.0 = Debug|Any CPU
		{109FCBED-5FCA-476C-B39D-05F9E62A1556}.Debug|x86.ActiveCfg = Debug|Any CPU
		{109FCBED-5FCA-476C-B39D-05F9E62A1556}.Debug|x86.Build.0 = Debug|Any CPU
		{109FCBED-5FCA-476C-B39D-05F9E62A1556}.Release|Any CPU.ActiveCfg = Release|Any CPU
		{109FCBED-5FCA-476C-B39D-05F9E62A1556}.Release|Any CPU.Build.0 = Release|Any CPU
		{109FCBED-5FCA-476C-B39D-05F9E62A1556}.Release|x64.ActiveCfg = Release|Any CPU
		{109FCBED-5FCA-476C-B39D-05F9E62A1556}.Release|x64.Build.0 = Release|Any CPU
		{109FCBED-5FCA-476C-B39D-05F9E62A1556}.Release|x86.ActiveCfg = Release|Any CPU
		{109FCBED-5FCA-476C-B39D-05F9E62A1556}.Release|x86.Build.0 = Release|Any CPU
		{04815C21-815D-4626-8233-A5E9DB7A1AC0}.Debug|Any CPU.ActiveCfg = Debug|Any CPU
		{04815C21-815D-4626-8233-A5E9DB7A1AC0}.Debug|Any CPU.Build.0 = Debug|Any CPU
		{04815C21-815D-4626-8233-A5E9DB7A1AC0}.Debug|x64.ActiveCfg = Debug|Any CPU
		{04815C21-815D-4626-8233-A5E9DB7A1AC0}.Debug|x64.Build.0 = Debug|Any CPU
		{04815C21-815D-4626-8233-A5E9DB7A1AC0}.Debug|x86.ActiveCfg = Debug|Any CPU
		{04815C21-815D-4626-8233-A5E9DB7A1AC0}.Debug|x86.Build.0 = Debug|Any CPU
		{04815C21-815D-4626-8233-A5E9DB7A1AC0}.Release|Any CPU.ActiveCfg = Release|Any CPU
		{04815C21-815D-4626-8233-A5E9DB7A1AC0}.Release|Any CPU.Build.0 = Release|Any CPU
		{04815C21-815D-4626-8233-A5E9DB7A1AC0}.Release|x64.ActiveCfg = Release|Any CPU
		{04815C21-815D-4626-8233-A5E9DB7A1AC0}.Release|x64.Build.0 = Release|Any CPU
		{04815C21-815D-4626-8233-A5E9DB7A1AC0}.Release|x86.ActiveCfg = Release|Any CPU
		{04815C21-815D-4626-8233-A5E9DB7A1AC0}.Release|x86.Build.0 = Release|Any CPU
		{FBF663D9-84CF-4950-A14F-3D944B702EE3}.Debug|Any CPU.ActiveCfg = Debug|Any CPU
		{FBF663D9-84CF-4950-A14F-3D944B702EE3}.Debug|Any CPU.Build.0 = Debug|Any CPU
		{FBF663D9-84CF-4950-A14F-3D944B702EE3}.Debug|x64.ActiveCfg = Debug|Any CPU
		{FBF663D9-84CF-4950-A14F-3D944B702EE3}.Debug|x64.Build.0 = Debug|Any CPU
		{FBF663D9-84CF-4950-A14F-3D944B702EE3}.Debug|x86.ActiveCfg = Debug|Any CPU
		{FBF663D9-84CF-4950-A14F-3D944B702EE3}.Debug|x86.Build.0 = Debug|Any CPU
		{FBF663D9-84CF-4950-A14F-3D944B702EE3}.Release|Any CPU.ActiveCfg = Release|Any CPU
		{FBF663D9-84CF-4950-A14F-3D944B702EE3}.Release|Any CPU.Build.0 = Release|Any CPU
		{FBF663D9-84CF-4950-A14F-3D944B702EE3}.Release|x64.ActiveCfg = Release|Any CPU
		{FBF663D9-84CF-4950-A14F-3D944B702EE3}.Release|x64.Build.0 = Release|Any CPU
		{FBF663D9-84CF-4950-A14F-3D944B702EE3}.Release|x86.ActiveCfg = Release|Any CPU
		{FBF663D9-84CF-4950-A14F-3D944B702EE3}.Release|x86.Build.0 = Release|Any CPU
		{87F4B939-45C1-4651-9ACF-5383CA372ADF}.Debug|Any CPU.ActiveCfg = Debug|Any CPU
		{87F4B939-45C1-4651-9ACF-5383CA372ADF}.Debug|Any CPU.Build.0 = Debug|Any CPU
		{87F4B939-45C1-4651-9ACF-5383CA372ADF}.Debug|x64.ActiveCfg = Debug|Any CPU
		{87F4B939-45C1-4651-9ACF-5383CA372ADF}.Debug|x64.Build.0 = Debug|Any CPU
		{87F4B939-45C1-4651-9ACF-5383CA372ADF}.Debug|x86.ActiveCfg = Debug|Any CPU
		{87F4B939-45C1-4651-9ACF-5383CA372ADF}.Debug|x86.Build.0 = Debug|Any CPU
		{87F4B939-45C1-4651-9ACF-5383CA372ADF}.Release|Any CPU.ActiveCfg = Release|Any CPU
		{87F4B939-45C1-4651-9ACF-5383CA372ADF}.Release|Any CPU.Build.0 = Release|Any CPU
		{87F4B939-45C1-4651-9ACF-5383CA372ADF}.Release|x64.ActiveCfg = Release|Any CPU
		{87F4B939-45C1-4651-9ACF-5383CA372ADF}.Release|x64.Build.0 = Release|Any CPU
		{87F4B939-45C1-4651-9ACF-5383CA372ADF}.Release|x86.ActiveCfg = Release|Any CPU
		{87F4B939-45C1-4651-9ACF-5383CA372ADF}.Release|x86.Build.0 = Release|Any CPU
		{7C1D1808-CFA0-4CC7-8DF2-4DE566DA28E2}.Debug|Any CPU.ActiveCfg = Debug|Any CPU
		{7C1D1808-CFA0-4CC7-8DF2-4DE566DA28E2}.Debug|Any CPU.Build.0 = Debug|Any CPU
		{7C1D1808-CFA0-4CC7-8DF2-4DE566DA28E2}.Debug|x64.ActiveCfg = Debug|Any CPU
		{7C1D1808-CFA0-4CC7-8DF2-4DE566DA28E2}.Debug|x64.Build.0 = Debug|Any CPU
		{7C1D1808-CFA0-4CC7-8DF2-4DE566DA28E2}.Debug|x86.ActiveCfg = Debug|Any CPU
		{7C1D1808-CFA0-4CC7-8DF2-4DE566DA28E2}.Debug|x86.Build.0 = Debug|Any CPU
		{7C1D1808-CFA0-4CC7-8DF2-4DE566DA28E2}.Release|Any CPU.ActiveCfg = Release|Any CPU
		{7C1D1808-CFA0-4CC7-8DF2-4DE566DA28E2}.Release|Any CPU.Build.0 = Release|Any CPU
		{7C1D1808-CFA0-4CC7-8DF2-4DE566DA28E2}.Release|x64.ActiveCfg = Release|Any CPU
		{7C1D1808-CFA0-4CC7-8DF2-4DE566DA28E2}.Release|x64.Build.0 = Release|Any CPU
		{7C1D1808-CFA0-4CC7-8DF2-4DE566DA28E2}.Release|x86.ActiveCfg = Release|Any CPU
		{7C1D1808-CFA0-4CC7-8DF2-4DE566DA28E2}.Release|x86.Build.0 = Release|Any CPU
		{DE7455A5-7456-4F28-A93E-9917114D0082}.Debug|Any CPU.ActiveCfg = Debug|Any CPU
		{DE7455A5-7456-4F28-A93E-9917114D0082}.Debug|Any CPU.Build.0 = Debug|Any CPU
		{DE7455A5-7456-4F28-A93E-9917114D0082}.Debug|x64.ActiveCfg = Debug|Any CPU
		{DE7455A5-7456-4F28-A93E-9917114D0082}.Debug|x64.Build.0 = Debug|Any CPU
		{DE7455A5-7456-4F28-A93E-9917114D0082}.Debug|x86.ActiveCfg = Debug|Any CPU
		{DE7455A5-7456-4F28-A93E-9917114D0082}.Debug|x86.Build.0 = Debug|Any CPU
		{DE7455A5-7456-4F28-A93E-9917114D0082}.Release|Any CPU.ActiveCfg = Release|Any CPU
		{DE7455A5-7456-4F28-A93E-9917114D0082}.Release|Any CPU.Build.0 = Release|Any CPU
		{DE7455A5-7456-4F28-A93E-9917114D0082}.Release|x64.ActiveCfg = Release|Any CPU
		{DE7455A5-7456-4F28-A93E-9917114D0082}.Release|x64.Build.0 = Release|Any CPU
		{DE7455A5-7456-4F28-A93E-9917114D0082}.Release|x86.ActiveCfg = Release|Any CPU
		{DE7455A5-7456-4F28-A93E-9917114D0082}.Release|x86.Build.0 = Release|Any CPU
		{E1617386-05A1-435B-AEC2-7140D25DF330}.Debug|Any CPU.ActiveCfg = Debug|Any CPU
		{E1617386-05A1-435B-AEC2-7140D25DF330}.Debug|Any CPU.Build.0 = Debug|Any CPU
		{E1617386-05A1-435B-AEC2-7140D25DF330}.Debug|x64.ActiveCfg = Debug|Any CPU
		{E1617386-05A1-435B-AEC2-7140D25DF330}.Debug|x64.Build.0 = Debug|Any CPU
		{E1617386-05A1-435B-AEC2-7140D25DF330}.Debug|x86.ActiveCfg = Debug|Any CPU
		{E1617386-05A1-435B-AEC2-7140D25DF330}.Debug|x86.Build.0 = Debug|Any CPU
		{E1617386-05A1-435B-AEC2-7140D25DF330}.Release|Any CPU.ActiveCfg = Release|Any CPU
		{E1617386-05A1-435B-AEC2-7140D25DF330}.Release|Any CPU.Build.0 = Release|Any CPU
		{E1617386-05A1-435B-AEC2-7140D25DF330}.Release|x64.ActiveCfg = Release|Any CPU
		{E1617386-05A1-435B-AEC2-7140D25DF330}.Release|x64.Build.0 = Release|Any CPU
		{E1617386-05A1-435B-AEC2-7140D25DF330}.Release|x86.ActiveCfg = Release|Any CPU
		{E1617386-05A1-435B-AEC2-7140D25DF330}.Release|x86.Build.0 = Release|Any CPU
		{F5D6A171-AB06-4C44-A262-771DEE0386AF}.Debug|Any CPU.ActiveCfg = Debug|Any CPU
		{F5D6A171-AB06-4C44-A262-771DEE0386AF}.Debug|Any CPU.Build.0 = Debug|Any CPU
		{F5D6A171-AB06-4C44-A262-771DEE0386AF}.Debug|x64.ActiveCfg = Debug|Any CPU
		{F5D6A171-AB06-4C44-A262-771DEE0386AF}.Debug|x64.Build.0 = Debug|Any CPU
		{F5D6A171-AB06-4C44-A262-771DEE0386AF}.Debug|x86.ActiveCfg = Debug|Any CPU
		{F5D6A171-AB06-4C44-A262-771DEE0386AF}.Debug|x86.Build.0 = Debug|Any CPU
		{F5D6A171-AB06-4C44-A262-771DEE0386AF}.Release|Any CPU.ActiveCfg = Release|Any CPU
		{F5D6A171-AB06-4C44-A262-771DEE0386AF}.Release|Any CPU.Build.0 = Release|Any CPU
		{F5D6A171-AB06-4C44-A262-771DEE0386AF}.Release|x64.ActiveCfg = Release|Any CPU
		{F5D6A171-AB06-4C44-A262-771DEE0386AF}.Release|x64.Build.0 = Release|Any CPU
		{F5D6A171-AB06-4C44-A262-771DEE0386AF}.Release|x86.ActiveCfg = Release|Any CPU
		{F5D6A171-AB06-4C44-A262-771DEE0386AF}.Release|x86.Build.0 = Release|Any CPU
		{261C22EB-C8E1-46D7-AF31-DE962C6956A2}.Debug|Any CPU.ActiveCfg = Debug|Any CPU
		{261C22EB-C8E1-46D7-AF31-DE962C6956A2}.Debug|Any CPU.Build.0 = Debug|Any CPU
		{261C22EB-C8E1-46D7-AF31-DE962C6956A2}.Debug|x64.ActiveCfg = Debug|Any CPU
		{261C22EB-C8E1-46D7-AF31-DE962C6956A2}.Debug|x64.Build.0 = Debug|Any CPU
		{261C22EB-C8E1-46D7-AF31-DE962C6956A2}.Debug|x86.ActiveCfg = Debug|Any CPU
		{261C22EB-C8E1-46D7-AF31-DE962C6956A2}.Debug|x86.Build.0 = Debug|Any CPU
		{261C22EB-C8E1-46D7-AF31-DE962C6956A2}.Release|Any CPU.ActiveCfg = Release|Any CPU
		{261C22EB-C8E1-46D7-AF31-DE962C6956A2}.Release|Any CPU.Build.0 = Release|Any CPU
		{261C22EB-C8E1-46D7-AF31-DE962C6956A2}.Release|x64.ActiveCfg = Release|Any CPU
		{261C22EB-C8E1-46D7-AF31-DE962C6956A2}.Release|x64.Build.0 = Release|Any CPU
		{261C22EB-C8E1-46D7-AF31-DE962C6956A2}.Release|x86.ActiveCfg = Release|Any CPU
		{261C22EB-C8E1-46D7-AF31-DE962C6956A2}.Release|x86.Build.0 = Release|Any CPU
		{7DA12220-F1CF-42CA-9221-E0FB3544938C}.Debug|Any CPU.ActiveCfg = Debug|Any CPU
		{7DA12220-F1CF-42CA-9221-E0FB3544938C}.Debug|Any CPU.Build.0 = Debug|Any CPU
		{7DA12220-F1CF-42CA-9221-E0FB3544938C}.Debug|x64.ActiveCfg = Debug|Any CPU
		{7DA12220-F1CF-42CA-9221-E0FB3544938C}.Debug|x64.Build.0 = Debug|Any CPU
		{7DA12220-F1CF-42CA-9221-E0FB3544938C}.Debug|x86.ActiveCfg = Debug|Any CPU
		{7DA12220-F1CF-42CA-9221-E0FB3544938C}.Debug|x86.Build.0 = Debug|Any CPU
		{7DA12220-F1CF-42CA-9221-E0FB3544938C}.Release|Any CPU.ActiveCfg = Release|Any CPU
		{7DA12220-F1CF-42CA-9221-E0FB3544938C}.Release|Any CPU.Build.0 = Release|Any CPU
		{7DA12220-F1CF-42CA-9221-E0FB3544938C}.Release|x64.ActiveCfg = Release|Any CPU
		{7DA12220-F1CF-42CA-9221-E0FB3544938C}.Release|x64.Build.0 = Release|Any CPU
		{7DA12220-F1CF-42CA-9221-E0FB3544938C}.Release|x86.ActiveCfg = Release|Any CPU
		{7DA12220-F1CF-42CA-9221-E0FB3544938C}.Release|x86.Build.0 = Release|Any CPU
		{8999EA67-D827-42E3-8EE8-8E5FE80FE500}.Debug|Any CPU.ActiveCfg = Debug|Any CPU
		{8999EA67-D827-42E3-8EE8-8E5FE80FE500}.Debug|Any CPU.Build.0 = Debug|Any CPU
		{8999EA67-D827-42E3-8EE8-8E5FE80FE500}.Debug|x64.ActiveCfg = Debug|Any CPU
		{8999EA67-D827-42E3-8EE8-8E5FE80FE500}.Debug|x64.Build.0 = Debug|Any CPU
		{8999EA67-D827-42E3-8EE8-8E5FE80FE500}.Debug|x86.ActiveCfg = Debug|Any CPU
		{8999EA67-D827-42E3-8EE8-8E5FE80FE500}.Debug|x86.Build.0 = Debug|Any CPU
		{8999EA67-D827-42E3-8EE8-8E5FE80FE500}.Release|Any CPU.ActiveCfg = Release|Any CPU
		{8999EA67-D827-42E3-8EE8-8E5FE80FE500}.Release|Any CPU.Build.0 = Release|Any CPU
		{8999EA67-D827-42E3-8EE8-8E5FE80FE500}.Release|x64.ActiveCfg = Release|Any CPU
		{8999EA67-D827-42E3-8EE8-8E5FE80FE500}.Release|x64.Build.0 = Release|Any CPU
		{8999EA67-D827-42E3-8EE8-8E5FE80FE500}.Release|x86.ActiveCfg = Release|Any CPU
		{8999EA67-D827-42E3-8EE8-8E5FE80FE500}.Release|x86.Build.0 = Release|Any CPU
		{98B03E22-6107-4A63-8225-9D456748C76C}.Debug|Any CPU.ActiveCfg = Debug|Any CPU
		{98B03E22-6107-4A63-8225-9D456748C76C}.Debug|Any CPU.Build.0 = Debug|Any CPU
		{98B03E22-6107-4A63-8225-9D456748C76C}.Debug|x64.ActiveCfg = Debug|Any CPU
		{98B03E22-6107-4A63-8225-9D456748C76C}.Debug|x64.Build.0 = Debug|Any CPU
		{98B03E22-6107-4A63-8225-9D456748C76C}.Debug|x86.ActiveCfg = Debug|Any CPU
		{98B03E22-6107-4A63-8225-9D456748C76C}.Debug|x86.Build.0 = Debug|Any CPU
		{98B03E22-6107-4A63-8225-9D456748C76C}.Release|Any CPU.ActiveCfg = Release|Any CPU
		{98B03E22-6107-4A63-8225-9D456748C76C}.Release|Any CPU.Build.0 = Release|Any CPU
		{98B03E22-6107-4A63-8225-9D456748C76C}.Release|x64.ActiveCfg = Release|Any CPU
		{98B03E22-6107-4A63-8225-9D456748C76C}.Release|x64.Build.0 = Release|Any CPU
		{98B03E22-6107-4A63-8225-9D456748C76C}.Release|x86.ActiveCfg = Release|Any CPU
		{98B03E22-6107-4A63-8225-9D456748C76C}.Release|x86.Build.0 = Release|Any CPU
		{D714F9E8-1CF5-42E1-AD8A-9B15846994AA}.Debug|Any CPU.ActiveCfg = Debug|Any CPU
		{D714F9E8-1CF5-42E1-AD8A-9B15846994AA}.Debug|Any CPU.Build.0 = Debug|Any CPU
		{D714F9E8-1CF5-42E1-AD8A-9B15846994AA}.Debug|x64.ActiveCfg = Debug|Any CPU
		{D714F9E8-1CF5-42E1-AD8A-9B15846994AA}.Debug|x64.Build.0 = Debug|Any CPU
		{D714F9E8-1CF5-42E1-AD8A-9B15846994AA}.Debug|x86.ActiveCfg = Debug|Any CPU
		{D714F9E8-1CF5-42E1-AD8A-9B15846994AA}.Debug|x86.Build.0 = Debug|Any CPU
		{D714F9E8-1CF5-42E1-AD8A-9B15846994AA}.Release|Any CPU.ActiveCfg = Release|Any CPU
		{D714F9E8-1CF5-42E1-AD8A-9B15846994AA}.Release|Any CPU.Build.0 = Release|Any CPU
		{D714F9E8-1CF5-42E1-AD8A-9B15846994AA}.Release|x64.ActiveCfg = Release|Any CPU
		{D714F9E8-1CF5-42E1-AD8A-9B15846994AA}.Release|x64.Build.0 = Release|Any CPU
		{D714F9E8-1CF5-42E1-AD8A-9B15846994AA}.Release|x86.ActiveCfg = Release|Any CPU
		{D714F9E8-1CF5-42E1-AD8A-9B15846994AA}.Release|x86.Build.0 = Release|Any CPU
		{985E45EE-6998-4493-AD78-55188B9279FA}.Debug|Any CPU.ActiveCfg = Debug|Any CPU
		{985E45EE-6998-4493-AD78-55188B9279FA}.Debug|Any CPU.Build.0 = Debug|Any CPU
		{985E45EE-6998-4493-AD78-55188B9279FA}.Debug|x64.ActiveCfg = Debug|Any CPU
		{985E45EE-6998-4493-AD78-55188B9279FA}.Debug|x64.Build.0 = Debug|Any CPU
		{985E45EE-6998-4493-AD78-55188B9279FA}.Debug|x86.ActiveCfg = Debug|Any CPU
		{985E45EE-6998-4493-AD78-55188B9279FA}.Debug|x86.Build.0 = Debug|Any CPU
		{985E45EE-6998-4493-AD78-55188B9279FA}.Release|Any CPU.ActiveCfg = Release|Any CPU
		{985E45EE-6998-4493-AD78-55188B9279FA}.Release|Any CPU.Build.0 = Release|Any CPU
		{985E45EE-6998-4493-AD78-55188B9279FA}.Release|x64.ActiveCfg = Release|Any CPU
		{985E45EE-6998-4493-AD78-55188B9279FA}.Release|x64.Build.0 = Release|Any CPU
		{985E45EE-6998-4493-AD78-55188B9279FA}.Release|x86.ActiveCfg = Release|Any CPU
		{985E45EE-6998-4493-AD78-55188B9279FA}.Release|x86.Build.0 = Release|Any CPU
		{9CCF6F87-4940-496E-B34C-33256709CC30}.Debug|Any CPU.ActiveCfg = Debug|Any CPU
		{9CCF6F87-4940-496E-B34C-33256709CC30}.Debug|Any CPU.Build.0 = Debug|Any CPU
		{9CCF6F87-4940-496E-B34C-33256709CC30}.Debug|x64.ActiveCfg = Debug|Any CPU
		{9CCF6F87-4940-496E-B34C-33256709CC30}.Debug|x64.Build.0 = Debug|Any CPU
		{9CCF6F87-4940-496E-B34C-33256709CC30}.Debug|x86.ActiveCfg = Debug|Any CPU
		{9CCF6F87-4940-496E-B34C-33256709CC30}.Debug|x86.Build.0 = Debug|Any CPU
		{9CCF6F87-4940-496E-B34C-33256709CC30}.Release|Any CPU.ActiveCfg = Release|Any CPU
		{9CCF6F87-4940-496E-B34C-33256709CC30}.Release|Any CPU.Build.0 = Release|Any CPU
		{9CCF6F87-4940-496E-B34C-33256709CC30}.Release|x64.ActiveCfg = Release|Any CPU
		{9CCF6F87-4940-496E-B34C-33256709CC30}.Release|x64.Build.0 = Release|Any CPU
		{9CCF6F87-4940-496E-B34C-33256709CC30}.Release|x86.ActiveCfg = Release|Any CPU
		{9CCF6F87-4940-496E-B34C-33256709CC30}.Release|x86.Build.0 = Release|Any CPU
		{FE5F9883-D0AE-48BC-A8B5-B028B1F60C10}.Debug|Any CPU.ActiveCfg = Debug|Any CPU
		{FE5F9883-D0AE-48BC-A8B5-B028B1F60C10}.Debug|Any CPU.Build.0 = Debug|Any CPU
		{FE5F9883-D0AE-48BC-A8B5-B028B1F60C10}.Debug|x64.ActiveCfg = Debug|Any CPU
		{FE5F9883-D0AE-48BC-A8B5-B028B1F60C10}.Debug|x64.Build.0 = Debug|Any CPU
		{FE5F9883-D0AE-48BC-A8B5-B028B1F60C10}.Debug|x86.ActiveCfg = Debug|Any CPU
		{FE5F9883-D0AE-48BC-A8B5-B028B1F60C10}.Debug|x86.Build.0 = Debug|Any CPU
		{FE5F9883-D0AE-48BC-A8B5-B028B1F60C10}.Release|Any CPU.ActiveCfg = Release|Any CPU
		{FE5F9883-D0AE-48BC-A8B5-B028B1F60C10}.Release|Any CPU.Build.0 = Release|Any CPU
		{FE5F9883-D0AE-48BC-A8B5-B028B1F60C10}.Release|x64.ActiveCfg = Release|Any CPU
		{FE5F9883-D0AE-48BC-A8B5-B028B1F60C10}.Release|x64.Build.0 = Release|Any CPU
		{FE5F9883-D0AE-48BC-A8B5-B028B1F60C10}.Release|x86.ActiveCfg = Release|Any CPU
		{FE5F9883-D0AE-48BC-A8B5-B028B1F60C10}.Release|x86.Build.0 = Release|Any CPU
		{BD6E6701-2F8E-43D1-B583-F3DC1CA52D67}.Debug|Any CPU.ActiveCfg = Debug|Any CPU
		{BD6E6701-2F8E-43D1-B583-F3DC1CA52D67}.Debug|Any CPU.Build.0 = Debug|Any CPU
		{BD6E6701-2F8E-43D1-B583-F3DC1CA52D67}.Debug|x64.ActiveCfg = Debug|Any CPU
		{BD6E6701-2F8E-43D1-B583-F3DC1CA52D67}.Debug|x64.Build.0 = Debug|Any CPU
		{BD6E6701-2F8E-43D1-B583-F3DC1CA52D67}.Debug|x86.ActiveCfg = Debug|Any CPU
		{BD6E6701-2F8E-43D1-B583-F3DC1CA52D67}.Debug|x86.Build.0 = Debug|Any CPU
		{BD6E6701-2F8E-43D1-B583-F3DC1CA52D67}.Release|Any CPU.ActiveCfg = Release|Any CPU
		{BD6E6701-2F8E-43D1-B583-F3DC1CA52D67}.Release|Any CPU.Build.0 = Release|Any CPU
		{BD6E6701-2F8E-43D1-B583-F3DC1CA52D67}.Release|x64.ActiveCfg = Release|Any CPU
		{BD6E6701-2F8E-43D1-B583-F3DC1CA52D67}.Release|x64.Build.0 = Release|Any CPU
		{BD6E6701-2F8E-43D1-B583-F3DC1CA52D67}.Release|x86.ActiveCfg = Release|Any CPU
		{BD6E6701-2F8E-43D1-B583-F3DC1CA52D67}.Release|x86.Build.0 = Release|Any CPU
		{87E0049F-9DF1-4F6F-8137-7765A2B16ABA}.Debug|Any CPU.ActiveCfg = Debug|Any CPU
		{87E0049F-9DF1-4F6F-8137-7765A2B16ABA}.Debug|Any CPU.Build.0 = Debug|Any CPU
		{87E0049F-9DF1-4F6F-8137-7765A2B16ABA}.Debug|x64.ActiveCfg = Debug|Any CPU
		{87E0049F-9DF1-4F6F-8137-7765A2B16ABA}.Debug|x64.Build.0 = Debug|Any CPU
		{87E0049F-9DF1-4F6F-8137-7765A2B16ABA}.Debug|x86.ActiveCfg = Debug|Any CPU
		{87E0049F-9DF1-4F6F-8137-7765A2B16ABA}.Debug|x86.Build.0 = Debug|Any CPU
		{87E0049F-9DF1-4F6F-8137-7765A2B16ABA}.Release|Any CPU.ActiveCfg = Release|Any CPU
		{87E0049F-9DF1-4F6F-8137-7765A2B16ABA}.Release|Any CPU.Build.0 = Release|Any CPU
		{87E0049F-9DF1-4F6F-8137-7765A2B16ABA}.Release|x64.ActiveCfg = Release|Any CPU
		{87E0049F-9DF1-4F6F-8137-7765A2B16ABA}.Release|x64.Build.0 = Release|Any CPU
		{87E0049F-9DF1-4F6F-8137-7765A2B16ABA}.Release|x86.ActiveCfg = Release|Any CPU
		{87E0049F-9DF1-4F6F-8137-7765A2B16ABA}.Release|x86.Build.0 = Release|Any CPU
		{F39B38CB-B8B7-4537-9130-43131AD51FF2}.Debug|Any CPU.ActiveCfg = Debug|Any CPU
		{F39B38CB-B8B7-4537-9130-43131AD51FF2}.Debug|Any CPU.Build.0 = Debug|Any CPU
		{F39B38CB-B8B7-4537-9130-43131AD51FF2}.Debug|x64.ActiveCfg = Debug|Any CPU
		{F39B38CB-B8B7-4537-9130-43131AD51FF2}.Debug|x64.Build.0 = Debug|Any CPU
		{F39B38CB-B8B7-4537-9130-43131AD51FF2}.Debug|x86.ActiveCfg = Debug|Any CPU
		{F39B38CB-B8B7-4537-9130-43131AD51FF2}.Debug|x86.Build.0 = Debug|Any CPU
		{F39B38CB-B8B7-4537-9130-43131AD51FF2}.Release|Any CPU.ActiveCfg = Release|Any CPU
		{F39B38CB-B8B7-4537-9130-43131AD51FF2}.Release|Any CPU.Build.0 = Release|Any CPU
		{F39B38CB-B8B7-4537-9130-43131AD51FF2}.Release|x64.ActiveCfg = Release|Any CPU
		{F39B38CB-B8B7-4537-9130-43131AD51FF2}.Release|x64.Build.0 = Release|Any CPU
		{F39B38CB-B8B7-4537-9130-43131AD51FF2}.Release|x86.ActiveCfg = Release|Any CPU
		{F39B38CB-B8B7-4537-9130-43131AD51FF2}.Release|x86.Build.0 = Release|Any CPU
		{65633C3A-65AA-4E05-8E56-7A348872CCC3}.Debug|Any CPU.ActiveCfg = Debug|Any CPU
		{65633C3A-65AA-4E05-8E56-7A348872CCC3}.Debug|Any CPU.Build.0 = Debug|Any CPU
		{65633C3A-65AA-4E05-8E56-7A348872CCC3}.Debug|x64.ActiveCfg = Debug|Any CPU
		{65633C3A-65AA-4E05-8E56-7A348872CCC3}.Debug|x64.Build.0 = Debug|Any CPU
		{65633C3A-65AA-4E05-8E56-7A348872CCC3}.Debug|x86.ActiveCfg = Debug|Any CPU
		{65633C3A-65AA-4E05-8E56-7A348872CCC3}.Debug|x86.Build.0 = Debug|Any CPU
		{65633C3A-65AA-4E05-8E56-7A348872CCC3}.Release|Any CPU.ActiveCfg = Release|Any CPU
		{65633C3A-65AA-4E05-8E56-7A348872CCC3}.Release|Any CPU.Build.0 = Release|Any CPU
		{65633C3A-65AA-4E05-8E56-7A348872CCC3}.Release|x64.ActiveCfg = Release|Any CPU
		{65633C3A-65AA-4E05-8E56-7A348872CCC3}.Release|x64.Build.0 = Release|Any CPU
		{65633C3A-65AA-4E05-8E56-7A348872CCC3}.Release|x86.ActiveCfg = Release|Any CPU
		{65633C3A-65AA-4E05-8E56-7A348872CCC3}.Release|x86.Build.0 = Release|Any CPU
		{5FAB9D88-4B90-4DF0-B1B7-1F50DF7CFCA4}.Debug|Any CPU.ActiveCfg = Debug|Any CPU
		{5FAB9D88-4B90-4DF0-B1B7-1F50DF7CFCA4}.Debug|Any CPU.Build.0 = Debug|Any CPU
		{5FAB9D88-4B90-4DF0-B1B7-1F50DF7CFCA4}.Debug|x64.ActiveCfg = Debug|Any CPU
		{5FAB9D88-4B90-4DF0-B1B7-1F50DF7CFCA4}.Debug|x64.Build.0 = Debug|Any CPU
		{5FAB9D88-4B90-4DF0-B1B7-1F50DF7CFCA4}.Debug|x86.ActiveCfg = Debug|Any CPU
		{5FAB9D88-4B90-4DF0-B1B7-1F50DF7CFCA4}.Debug|x86.Build.0 = Debug|Any CPU
		{5FAB9D88-4B90-4DF0-B1B7-1F50DF7CFCA4}.Release|Any CPU.ActiveCfg = Release|Any CPU
		{5FAB9D88-4B90-4DF0-B1B7-1F50DF7CFCA4}.Release|Any CPU.Build.0 = Release|Any CPU
		{5FAB9D88-4B90-4DF0-B1B7-1F50DF7CFCA4}.Release|x64.ActiveCfg = Release|Any CPU
		{5FAB9D88-4B90-4DF0-B1B7-1F50DF7CFCA4}.Release|x64.Build.0 = Release|Any CPU
		{5FAB9D88-4B90-4DF0-B1B7-1F50DF7CFCA4}.Release|x86.ActiveCfg = Release|Any CPU
		{5FAB9D88-4B90-4DF0-B1B7-1F50DF7CFCA4}.Release|x86.Build.0 = Release|Any CPU
		{7F52D143-9179-4FCF-9DC7-B5F1681BD22A}.Debug|Any CPU.ActiveCfg = Debug|Any CPU
		{7F52D143-9179-4FCF-9DC7-B5F1681BD22A}.Debug|Any CPU.Build.0 = Debug|Any CPU
		{7F52D143-9179-4FCF-9DC7-B5F1681BD22A}.Debug|x64.ActiveCfg = Debug|Any CPU
		{7F52D143-9179-4FCF-9DC7-B5F1681BD22A}.Debug|x64.Build.0 = Debug|Any CPU
		{7F52D143-9179-4FCF-9DC7-B5F1681BD22A}.Debug|x86.ActiveCfg = Debug|Any CPU
		{7F52D143-9179-4FCF-9DC7-B5F1681BD22A}.Debug|x86.Build.0 = Debug|Any CPU
		{7F52D143-9179-4FCF-9DC7-B5F1681BD22A}.Release|Any CPU.ActiveCfg = Release|Any CPU
		{7F52D143-9179-4FCF-9DC7-B5F1681BD22A}.Release|Any CPU.Build.0 = Release|Any CPU
		{7F52D143-9179-4FCF-9DC7-B5F1681BD22A}.Release|x64.ActiveCfg = Release|Any CPU
		{7F52D143-9179-4FCF-9DC7-B5F1681BD22A}.Release|x64.Build.0 = Release|Any CPU
		{7F52D143-9179-4FCF-9DC7-B5F1681BD22A}.Release|x86.ActiveCfg = Release|Any CPU
		{7F52D143-9179-4FCF-9DC7-B5F1681BD22A}.Release|x86.Build.0 = Release|Any CPU
		{EEDA285C-82F8-4E6D-AAFA-9E42D3C4F0E6}.Debug|Any CPU.ActiveCfg = Debug|Any CPU
		{EEDA285C-82F8-4E6D-AAFA-9E42D3C4F0E6}.Debug|Any CPU.Build.0 = Debug|Any CPU
		{EEDA285C-82F8-4E6D-AAFA-9E42D3C4F0E6}.Debug|x64.ActiveCfg = Debug|Any CPU
		{EEDA285C-82F8-4E6D-AAFA-9E42D3C4F0E6}.Debug|x64.Build.0 = Debug|Any CPU
		{EEDA285C-82F8-4E6D-AAFA-9E42D3C4F0E6}.Debug|x86.ActiveCfg = Debug|Any CPU
		{EEDA285C-82F8-4E6D-AAFA-9E42D3C4F0E6}.Debug|x86.Build.0 = Debug|Any CPU
		{EEDA285C-82F8-4E6D-AAFA-9E42D3C4F0E6}.Release|Any CPU.ActiveCfg = Release|Any CPU
		{EEDA285C-82F8-4E6D-AAFA-9E42D3C4F0E6}.Release|Any CPU.Build.0 = Release|Any CPU
		{EEDA285C-82F8-4E6D-AAFA-9E42D3C4F0E6}.Release|x64.ActiveCfg = Release|Any CPU
		{EEDA285C-82F8-4E6D-AAFA-9E42D3C4F0E6}.Release|x64.Build.0 = Release|Any CPU
		{EEDA285C-82F8-4E6D-AAFA-9E42D3C4F0E6}.Release|x86.ActiveCfg = Release|Any CPU
		{EEDA285C-82F8-4E6D-AAFA-9E42D3C4F0E6}.Release|x86.Build.0 = Release|Any CPU
		{917D658E-C488-4EA5-A645-EC0E7B78CE19}.Debug|Any CPU.ActiveCfg = Debug|Any CPU
		{917D658E-C488-4EA5-A645-EC0E7B78CE19}.Debug|Any CPU.Build.0 = Debug|Any CPU
		{917D658E-C488-4EA5-A645-EC0E7B78CE19}.Debug|x64.ActiveCfg = Debug|Any CPU
		{917D658E-C488-4EA5-A645-EC0E7B78CE19}.Debug|x64.Build.0 = Debug|Any CPU
		{917D658E-C488-4EA5-A645-EC0E7B78CE19}.Debug|x86.ActiveCfg = Debug|Any CPU
		{917D658E-C488-4EA5-A645-EC0E7B78CE19}.Debug|x86.Build.0 = Debug|Any CPU
		{917D658E-C488-4EA5-A645-EC0E7B78CE19}.Release|Any CPU.ActiveCfg = Release|Any CPU
		{917D658E-C488-4EA5-A645-EC0E7B78CE19}.Release|Any CPU.Build.0 = Release|Any CPU
		{917D658E-C488-4EA5-A645-EC0E7B78CE19}.Release|x64.ActiveCfg = Release|Any CPU
		{917D658E-C488-4EA5-A645-EC0E7B78CE19}.Release|x64.Build.0 = Release|Any CPU
		{917D658E-C488-4EA5-A645-EC0E7B78CE19}.Release|x86.ActiveCfg = Release|Any CPU
		{917D658E-C488-4EA5-A645-EC0E7B78CE19}.Release|x86.Build.0 = Release|Any CPU
		{C2242AC0-0031-4388-BF63-33FE2FBA1DD6}.Debug|Any CPU.ActiveCfg = Debug|Any CPU
		{C2242AC0-0031-4388-BF63-33FE2FBA1DD6}.Debug|Any CPU.Build.0 = Debug|Any CPU
		{C2242AC0-0031-4388-BF63-33FE2FBA1DD6}.Debug|x64.ActiveCfg = Debug|Any CPU
		{C2242AC0-0031-4388-BF63-33FE2FBA1DD6}.Debug|x64.Build.0 = Debug|Any CPU
		{C2242AC0-0031-4388-BF63-33FE2FBA1DD6}.Debug|x86.ActiveCfg = Debug|Any CPU
		{C2242AC0-0031-4388-BF63-33FE2FBA1DD6}.Debug|x86.Build.0 = Debug|Any CPU
		{C2242AC0-0031-4388-BF63-33FE2FBA1DD6}.Release|Any CPU.ActiveCfg = Release|Any CPU
		{C2242AC0-0031-4388-BF63-33FE2FBA1DD6}.Release|Any CPU.Build.0 = Release|Any CPU
		{C2242AC0-0031-4388-BF63-33FE2FBA1DD6}.Release|x64.ActiveCfg = Release|Any CPU
		{C2242AC0-0031-4388-BF63-33FE2FBA1DD6}.Release|x64.Build.0 = Release|Any CPU
		{C2242AC0-0031-4388-BF63-33FE2FBA1DD6}.Release|x86.ActiveCfg = Release|Any CPU
		{C2242AC0-0031-4388-BF63-33FE2FBA1DD6}.Release|x86.Build.0 = Release|Any CPU
		{0A1860FF-6D00-4F85-9058-0854E95CA4CC}.Debug|Any CPU.ActiveCfg = Debug|Any CPU
		{0A1860FF-6D00-4F85-9058-0854E95CA4CC}.Debug|Any CPU.Build.0 = Debug|Any CPU
		{0A1860FF-6D00-4F85-9058-0854E95CA4CC}.Debug|x64.ActiveCfg = Debug|Any CPU
		{0A1860FF-6D00-4F85-9058-0854E95CA4CC}.Debug|x64.Build.0 = Debug|Any CPU
		{0A1860FF-6D00-4F85-9058-0854E95CA4CC}.Debug|x86.ActiveCfg = Debug|Any CPU
		{0A1860FF-6D00-4F85-9058-0854E95CA4CC}.Debug|x86.Build.0 = Debug|Any CPU
		{0A1860FF-6D00-4F85-9058-0854E95CA4CC}.Release|Any CPU.ActiveCfg = Release|Any CPU
		{0A1860FF-6D00-4F85-9058-0854E95CA4CC}.Release|Any CPU.Build.0 = Release|Any CPU
		{0A1860FF-6D00-4F85-9058-0854E95CA4CC}.Release|x64.ActiveCfg = Release|Any CPU
		{0A1860FF-6D00-4F85-9058-0854E95CA4CC}.Release|x64.Build.0 = Release|Any CPU
		{0A1860FF-6D00-4F85-9058-0854E95CA4CC}.Release|x86.ActiveCfg = Release|Any CPU
		{0A1860FF-6D00-4F85-9058-0854E95CA4CC}.Release|x86.Build.0 = Release|Any CPU
		{AE95A622-FB4B-4C98-A0A3-725C52A736AF}.Debug|Any CPU.ActiveCfg = Debug|Any CPU
		{AE95A622-FB4B-4C98-A0A3-725C52A736AF}.Debug|Any CPU.Build.0 = Debug|Any CPU
		{AE95A622-FB4B-4C98-A0A3-725C52A736AF}.Debug|x64.ActiveCfg = Debug|Any CPU
		{AE95A622-FB4B-4C98-A0A3-725C52A736AF}.Debug|x64.Build.0 = Debug|Any CPU
		{AE95A622-FB4B-4C98-A0A3-725C52A736AF}.Debug|x86.ActiveCfg = Debug|Any CPU
		{AE95A622-FB4B-4C98-A0A3-725C52A736AF}.Debug|x86.Build.0 = Debug|Any CPU
		{AE95A622-FB4B-4C98-A0A3-725C52A736AF}.Release|Any CPU.ActiveCfg = Release|Any CPU
		{AE95A622-FB4B-4C98-A0A3-725C52A736AF}.Release|Any CPU.Build.0 = Release|Any CPU
		{AE95A622-FB4B-4C98-A0A3-725C52A736AF}.Release|x64.ActiveCfg = Release|Any CPU
		{AE95A622-FB4B-4C98-A0A3-725C52A736AF}.Release|x64.Build.0 = Release|Any CPU
		{AE95A622-FB4B-4C98-A0A3-725C52A736AF}.Release|x86.ActiveCfg = Release|Any CPU
		{AE95A622-FB4B-4C98-A0A3-725C52A736AF}.Release|x86.Build.0 = Release|Any CPU
		{C823688D-1812-4864-BDDC-8BF5E45FEC18}.Debug|Any CPU.ActiveCfg = Debug|Any CPU
		{C823688D-1812-4864-BDDC-8BF5E45FEC18}.Debug|Any CPU.Build.0 = Debug|Any CPU
		{C823688D-1812-4864-BDDC-8BF5E45FEC18}.Debug|x64.ActiveCfg = Debug|Any CPU
		{C823688D-1812-4864-BDDC-8BF5E45FEC18}.Debug|x64.Build.0 = Debug|Any CPU
		{C823688D-1812-4864-BDDC-8BF5E45FEC18}.Debug|x86.ActiveCfg = Debug|Any CPU
		{C823688D-1812-4864-BDDC-8BF5E45FEC18}.Debug|x86.Build.0 = Debug|Any CPU
		{C823688D-1812-4864-BDDC-8BF5E45FEC18}.Release|Any CPU.ActiveCfg = Release|Any CPU
		{C823688D-1812-4864-BDDC-8BF5E45FEC18}.Release|Any CPU.Build.0 = Release|Any CPU
		{C823688D-1812-4864-BDDC-8BF5E45FEC18}.Release|x64.ActiveCfg = Release|Any CPU
		{C823688D-1812-4864-BDDC-8BF5E45FEC18}.Release|x64.Build.0 = Release|Any CPU
		{C823688D-1812-4864-BDDC-8BF5E45FEC18}.Release|x86.ActiveCfg = Release|Any CPU
		{C823688D-1812-4864-BDDC-8BF5E45FEC18}.Release|x86.Build.0 = Release|Any CPU
		{6041CD04-8361-450C-91E7-6275DBF4C17B}.Debug|Any CPU.ActiveCfg = Debug|Any CPU
		{6041CD04-8361-450C-91E7-6275DBF4C17B}.Debug|Any CPU.Build.0 = Debug|Any CPU
		{6041CD04-8361-450C-91E7-6275DBF4C17B}.Debug|x64.ActiveCfg = Debug|Any CPU
		{6041CD04-8361-450C-91E7-6275DBF4C17B}.Debug|x64.Build.0 = Debug|Any CPU
		{6041CD04-8361-450C-91E7-6275DBF4C17B}.Debug|x86.ActiveCfg = Debug|Any CPU
		{6041CD04-8361-450C-91E7-6275DBF4C17B}.Debug|x86.Build.0 = Debug|Any CPU
		{6041CD04-8361-450C-91E7-6275DBF4C17B}.Release|Any CPU.ActiveCfg = Release|Any CPU
		{6041CD04-8361-450C-91E7-6275DBF4C17B}.Release|Any CPU.Build.0 = Release|Any CPU
		{6041CD04-8361-450C-91E7-6275DBF4C17B}.Release|x64.ActiveCfg = Release|Any CPU
		{6041CD04-8361-450C-91E7-6275DBF4C17B}.Release|x64.Build.0 = Release|Any CPU
		{6041CD04-8361-450C-91E7-6275DBF4C17B}.Release|x86.ActiveCfg = Release|Any CPU
		{6041CD04-8361-450C-91E7-6275DBF4C17B}.Release|x86.Build.0 = Release|Any CPU
		{EA9BED33-E964-4770-8CD8-9A90D6273996}.Debug|Any CPU.ActiveCfg = Debug|Any CPU
		{EA9BED33-E964-4770-8CD8-9A90D6273996}.Debug|Any CPU.Build.0 = Debug|Any CPU
		{EA9BED33-E964-4770-8CD8-9A90D6273996}.Debug|x64.ActiveCfg = Debug|Any CPU
		{EA9BED33-E964-4770-8CD8-9A90D6273996}.Debug|x64.Build.0 = Debug|Any CPU
		{EA9BED33-E964-4770-8CD8-9A90D6273996}.Debug|x86.ActiveCfg = Debug|Any CPU
		{EA9BED33-E964-4770-8CD8-9A90D6273996}.Debug|x86.Build.0 = Debug|Any CPU
		{EA9BED33-E964-4770-8CD8-9A90D6273996}.Release|Any CPU.ActiveCfg = Release|Any CPU
		{EA9BED33-E964-4770-8CD8-9A90D6273996}.Release|Any CPU.Build.0 = Release|Any CPU
		{EA9BED33-E964-4770-8CD8-9A90D6273996}.Release|x64.ActiveCfg = Release|Any CPU
		{EA9BED33-E964-4770-8CD8-9A90D6273996}.Release|x64.Build.0 = Release|Any CPU
		{EA9BED33-E964-4770-8CD8-9A90D6273996}.Release|x86.ActiveCfg = Release|Any CPU
		{EA9BED33-E964-4770-8CD8-9A90D6273996}.Release|x86.Build.0 = Release|Any CPU
		{5CAB32FD-05F7-45D7-95AD-3265A03899E6}.Debug|Any CPU.ActiveCfg = Debug|Any CPU
		{5CAB32FD-05F7-45D7-95AD-3265A03899E6}.Debug|Any CPU.Build.0 = Debug|Any CPU
		{5CAB32FD-05F7-45D7-95AD-3265A03899E6}.Debug|x64.ActiveCfg = Debug|Any CPU
		{5CAB32FD-05F7-45D7-95AD-3265A03899E6}.Debug|x64.Build.0 = Debug|Any CPU
		{5CAB32FD-05F7-45D7-95AD-3265A03899E6}.Debug|x86.ActiveCfg = Debug|Any CPU
		{5CAB32FD-05F7-45D7-95AD-3265A03899E6}.Debug|x86.Build.0 = Debug|Any CPU
		{5CAB32FD-05F7-45D7-95AD-3265A03899E6}.Release|Any CPU.ActiveCfg = Release|Any CPU
		{5CAB32FD-05F7-45D7-95AD-3265A03899E6}.Release|Any CPU.Build.0 = Release|Any CPU
		{5CAB32FD-05F7-45D7-95AD-3265A03899E6}.Release|x64.ActiveCfg = Release|Any CPU
		{5CAB32FD-05F7-45D7-95AD-3265A03899E6}.Release|x64.Build.0 = Release|Any CPU
		{5CAB32FD-05F7-45D7-95AD-3265A03899E6}.Release|x86.ActiveCfg = Release|Any CPU
		{5CAB32FD-05F7-45D7-95AD-3265A03899E6}.Release|x86.Build.0 = Release|Any CPU
		{A919CB13-7D28-4F1C-B587-816ED8C8659B}.Debug|Any CPU.ActiveCfg = Debug|Any CPU
		{A919CB13-7D28-4F1C-B587-816ED8C8659B}.Debug|Any CPU.Build.0 = Debug|Any CPU
		{A919CB13-7D28-4F1C-B587-816ED8C8659B}.Debug|x64.ActiveCfg = Debug|Any CPU
		{A919CB13-7D28-4F1C-B587-816ED8C8659B}.Debug|x64.Build.0 = Debug|Any CPU
		{A919CB13-7D28-4F1C-B587-816ED8C8659B}.Debug|x86.ActiveCfg = Debug|Any CPU
		{A919CB13-7D28-4F1C-B587-816ED8C8659B}.Debug|x86.Build.0 = Debug|Any CPU
		{A919CB13-7D28-4F1C-B587-816ED8C8659B}.Release|Any CPU.ActiveCfg = Release|Any CPU
		{A919CB13-7D28-4F1C-B587-816ED8C8659B}.Release|Any CPU.Build.0 = Release|Any CPU
		{A919CB13-7D28-4F1C-B587-816ED8C8659B}.Release|x64.ActiveCfg = Release|Any CPU
		{A919CB13-7D28-4F1C-B587-816ED8C8659B}.Release|x64.Build.0 = Release|Any CPU
		{A919CB13-7D28-4F1C-B587-816ED8C8659B}.Release|x86.ActiveCfg = Release|Any CPU
		{A919CB13-7D28-4F1C-B587-816ED8C8659B}.Release|x86.Build.0 = Release|Any CPU
		{B297735B-73F4-4D59-B0C6-5BEDBB701B9E}.Debug|Any CPU.ActiveCfg = Debug|Any CPU
		{B297735B-73F4-4D59-B0C6-5BEDBB701B9E}.Debug|Any CPU.Build.0 = Debug|Any CPU
		{B297735B-73F4-4D59-B0C6-5BEDBB701B9E}.Debug|x64.ActiveCfg = Debug|Any CPU
		{B297735B-73F4-4D59-B0C6-5BEDBB701B9E}.Debug|x64.Build.0 = Debug|Any CPU
		{B297735B-73F4-4D59-B0C6-5BEDBB701B9E}.Debug|x86.ActiveCfg = Debug|Any CPU
		{B297735B-73F4-4D59-B0C6-5BEDBB701B9E}.Debug|x86.Build.0 = Debug|Any CPU
		{B297735B-73F4-4D59-B0C6-5BEDBB701B9E}.Release|Any CPU.ActiveCfg = Release|Any CPU
		{B297735B-73F4-4D59-B0C6-5BEDBB701B9E}.Release|Any CPU.Build.0 = Release|Any CPU
		{B297735B-73F4-4D59-B0C6-5BEDBB701B9E}.Release|x64.ActiveCfg = Release|Any CPU
		{B297735B-73F4-4D59-B0C6-5BEDBB701B9E}.Release|x64.Build.0 = Release|Any CPU
		{B297735B-73F4-4D59-B0C6-5BEDBB701B9E}.Release|x86.ActiveCfg = Release|Any CPU
		{B297735B-73F4-4D59-B0C6-5BEDBB701B9E}.Release|x86.Build.0 = Release|Any CPU
	EndGlobalSection
	GlobalSection(SolutionProperties) = preSolution
		HideSolutionNode = FALSE
	EndGlobalSection
	GlobalSection(NestedProjects) = preSolution
		{C345F1F7-C2A5-472A-A55F-987A53DF3CCE} = {08381205-3409-4468-92EB-ACA65F8D82FB}
		{5195B05E-EB55-4544-8FE6-B683747B1F9E} = {08381205-3409-4468-92EB-ACA65F8D82FB}
		{53195623-20D9-46EE-B5E7-46E2262F0F42} = {5195B05E-EB55-4544-8FE6-B683747B1F9E}
		{70121F70-9A63-4DAF-821D-5BBA2468FA8F} = {31488E86-D7EB-4964-84F1-B7338BB5A7D1}
		{C922F6D1-D37D-41F0-A672-BE76F915A753} = {C345F1F7-C2A5-472A-A55F-987A53DF3CCE}
		{E43674AD-E2C2-433F-A67D-6ADCB11F6B44} = {C345F1F7-C2A5-472A-A55F-987A53DF3CCE}
		{DFDBCF70-04BB-4946-BBE7-78B820F3F399} = {C345F1F7-C2A5-472A-A55F-987A53DF3CCE}
		{6F1BA52A-E55A-4374-BE57-BF5CE6E21147} = {5195B05E-EB55-4544-8FE6-B683747B1F9E}
		{26BC4FC8-5174-41DD-92AD-18CCB14C307D} = {5195B05E-EB55-4544-8FE6-B683747B1F9E}
		{496FFF83-A383-4A3A-BE5E-9356FE94D96C} = {B22FF43C-8AA2-4B70-B2EE-4171C600F734}
		{63EA59ED-67AF-4793-AB36-EEA5F8E333B9} = {53553169-8085-4885-BFB5-7676C4FC5CDB}
		{16BF88B4-3302-49F5-A5FA-5DA96DD03F0E} = {EAEEF28B-F372-48C1-8F9B-45CEB95159A2}
		{7B36659D-3350-4AC6-A7DF-B8C6335E3834} = {16BF88B4-3302-49F5-A5FA-5DA96DD03F0E}
		{2835F94A-E4D9-4C81-93C1-8D2AD9047BDC} = {16BF88B4-3302-49F5-A5FA-5DA96DD03F0E}
		{79E8B539-6655-4AB0-BE94-650F209FFD7A} = {16BF88B4-3302-49F5-A5FA-5DA96DD03F0E}
		{5B44CEB6-C073-4415-8CDE-F187A0E4BA4C} = {08381205-3409-4468-92EB-ACA65F8D82FB}
		{7B230509-EE70-46FF-9AE6-F115D0E9EFE5} = {EAEEF28B-F372-48C1-8F9B-45CEB95159A2}
		{3CBD7981-3123-459D-9DEC-EFB015CBFDAA} = {08381205-3409-4468-92EB-ACA65F8D82FB}
		{0BC379F5-3629-42CB-9BA5-2616CBAEC44C} = {B22FF43C-8AA2-4B70-B2EE-4171C600F734}
		{F9FC32A7-E7F3-4C74-91AE-D69612673E55} = {16BF88B4-3302-49F5-A5FA-5DA96DD03F0E}
		{BBDA19AB-756D-4822-80AB-153674EB5152} = {5195B05E-EB55-4544-8FE6-B683747B1F9E}
		{E34D5867-4F67-44CF-B8DA-9E91FF0327DF} = {B22FF43C-8AA2-4B70-B2EE-4171C600F734}
		{E1D772DC-2114-4DDA-B2C7-6421A6D9DFF5} = {53553169-8085-4885-BFB5-7676C4FC5CDB}
		{31488E86-D7EB-4964-84F1-B7338BB5A7D1} = {EAEEF28B-F372-48C1-8F9B-45CEB95159A2}
		{C11F8D87-4B69-41AA-AFCE-17342D00F535} = {31488E86-D7EB-4964-84F1-B7338BB5A7D1}
		{B4A649C1-D137-4AF8-82B9-ED3A76407B4E} = {31488E86-D7EB-4964-84F1-B7338BB5A7D1}
		{A984EC5A-0C33-4375-B2F9-45E0E13C7716} = {31488E86-D7EB-4964-84F1-B7338BB5A7D1}
		{B22FF43C-8AA2-4B70-B2EE-4171C600F734} = {08381205-3409-4468-92EB-ACA65F8D82FB}
		{DF8A0F14-19DE-4523-B5AA-944896D01B48} = {B22FF43C-8AA2-4B70-B2EE-4171C600F734}
		{109FCBED-5FCA-476C-B39D-05F9E62A1556} = {31488E86-D7EB-4964-84F1-B7338BB5A7D1}
		{53553169-8085-4885-BFB5-7676C4FC5CDB} = {EAEEF28B-F372-48C1-8F9B-45CEB95159A2}
		{04815C21-815D-4626-8233-A5E9DB7A1AC0} = {53553169-8085-4885-BFB5-7676C4FC5CDB}
		{FBF663D9-84CF-4950-A14F-3D944B702EE3} = {B22FF43C-8AA2-4B70-B2EE-4171C600F734}
		{87F4B939-45C1-4651-9ACF-5383CA372ADF} = {31488E86-D7EB-4964-84F1-B7338BB5A7D1}
		{7C1D1808-CFA0-4CC7-8DF2-4DE566DA28E2} = {08381205-3409-4468-92EB-ACA65F8D82FB}
		{94F66F60-7264-43E7-8F3A-B59FBA8EE728} = {EAEEF28B-F372-48C1-8F9B-45CEB95159A2}
		{DE7455A5-7456-4F28-A93E-9917114D0082} = {94F66F60-7264-43E7-8F3A-B59FBA8EE728}
		{E1617386-05A1-435B-AEC2-7140D25DF330} = {5195B05E-EB55-4544-8FE6-B683747B1F9E}
		{F5D6A171-AB06-4C44-A262-771DEE0386AF} = {B22FF43C-8AA2-4B70-B2EE-4171C600F734}
		{261C22EB-C8E1-46D7-AF31-DE962C6956A2} = {31488E86-D7EB-4964-84F1-B7338BB5A7D1}
		{7DA12220-F1CF-42CA-9221-E0FB3544938C} = {31488E86-D7EB-4964-84F1-B7338BB5A7D1}
		{8999EA67-D827-42E3-8EE8-8E5FE80FE500} = {5195B05E-EB55-4544-8FE6-B683747B1F9E}
		{98B03E22-6107-4A63-8225-9D456748C76C} = {31488E86-D7EB-4964-84F1-B7338BB5A7D1}
		{D714F9E8-1CF5-42E1-AD8A-9B15846994AA} = {B22FF43C-8AA2-4B70-B2EE-4171C600F734}
		{985E45EE-6998-4493-AD78-55188B9279FA} = {5195B05E-EB55-4544-8FE6-B683747B1F9E}
		{9CCF6F87-4940-496E-B34C-33256709CC30} = {5195B05E-EB55-4544-8FE6-B683747B1F9E}
		{FE5F9883-D0AE-48BC-A8B5-B028B1F60C10} = {C345F1F7-C2A5-472A-A55F-987A53DF3CCE}
		{BD6E6701-2F8E-43D1-B583-F3DC1CA52D67} = {16BF88B4-3302-49F5-A5FA-5DA96DD03F0E}
		{87E0049F-9DF1-4F6F-8137-7765A2B16ABA} = {5195B05E-EB55-4544-8FE6-B683747B1F9E}
		{F39B38CB-B8B7-4537-9130-43131AD51FF2} = {31488E86-D7EB-4964-84F1-B7338BB5A7D1}
		{65633C3A-65AA-4E05-8E56-7A348872CCC3} = {095CBF40-606D-4CC5-91E3-D009C271BC16}
		{5FAB9D88-4B90-4DF0-B1B7-1F50DF7CFCA4} = {16BF88B4-3302-49F5-A5FA-5DA96DD03F0E}
		{7F52D143-9179-4FCF-9DC7-B5F1681BD22A} = {16BF88B4-3302-49F5-A5FA-5DA96DD03F0E}
		{EEDA285C-82F8-4E6D-AAFA-9E42D3C4F0E6} = {31488E86-D7EB-4964-84F1-B7338BB5A7D1}
		{917D658E-C488-4EA5-A645-EC0E7B78CE19} = {095CBF40-606D-4CC5-91E3-D009C271BC16}
		{C2242AC0-0031-4388-BF63-33FE2FBA1DD6} = {095CBF40-606D-4CC5-91E3-D009C271BC16}
		{095CBF40-606D-4CC5-91E3-D009C271BC16} = {C345F1F7-C2A5-472A-A55F-987A53DF3CCE}
		{0A1860FF-6D00-4F85-9058-0854E95CA4CC} = {16BF88B4-3302-49F5-A5FA-5DA96DD03F0E}
		{AE95A622-FB4B-4C98-A0A3-725C52A736AF} = {5195B05E-EB55-4544-8FE6-B683747B1F9E}
		{C823688D-1812-4864-BDDC-8BF5E45FEC18} = {095CBF40-606D-4CC5-91E3-D009C271BC16}
		{6041CD04-8361-450C-91E7-6275DBF4C17B} = {16BF88B4-3302-49F5-A5FA-5DA96DD03F0E}
		{EA9BED33-E964-4770-8CD8-9A90D6273996} = {16BF88B4-3302-49F5-A5FA-5DA96DD03F0E}
		{5CAB32FD-05F7-45D7-95AD-3265A03899E6} = {16BF88B4-3302-49F5-A5FA-5DA96DD03F0E}
		{A919CB13-7D28-4F1C-B587-816ED8C8659B} = {095CBF40-606D-4CC5-91E3-D009C271BC16}
		{B297735B-73F4-4D59-B0C6-5BEDBB701B9E} = {095CBF40-606D-4CC5-91E3-D009C271BC16}
	EndGlobalSection
	GlobalSection(ExtensibilityGlobals) = postSolution
		SolutionGuid = {E8BEA609-BD83-4165-A14A-D010D2CC87AD}
	EndGlobalSection
EndGlobal
