
Microsoft Visual Studio Solution File, Format Version 12.00
# Visual Studio Version 17
VisualStudioVersion = 17.4.33205.214
MinimumVisualStudioVersion = 10.0.40219.1
Project("{2150E333-8FDC-42A3-9474-1A3956D46DE8}") = "src", "src", "{A053DEC3-4CA1-4312-8799-7EE53BB09C15}"
EndProject
Project("{2150E333-8FDC-42A3-9474-1A3956D46DE8}") = "test", "test", "{24EBAB5D-64B6-431D-B557-241FB778B87E}"
EndProject
Project("{9A19103F-16F7-4668-BE54-9A1E7A4F7556}") = "fiskaltrust.Middleware.SCU.ES.UnitTest", "test\fiskaltrust.Middleware.SCU.ES.UnitTest\fiskaltrust.Middleware.SCU.ES.UnitTest.csproj", "{3BE93F7F-01C4-4D40-9FA9-D21ED3D865F9}"
EndProject
Project("{9A19103F-16F7-4668-BE54-9A1E7A4F7556}") = "fiskaltrust.Middleware.SCU.ES.TicketBAI", "src\fiskaltrust.Middleware.SCU.ES.TicketBAI\fiskaltrust.Middleware.SCU.ES.TicketBAI.csproj", "{3F25D98C-93D7-4D1F-8A4A-5DCEA1EC8D95}"
EndProject
Global
	GlobalSection(SolutionConfigurationPlatforms) = preSolution
		Debug|Any CPU = Debug|Any CPU
		Release|Any CPU = Release|Any CPU
	EndGlobalSection
	GlobalSection(ProjectConfigurationPlatforms) = postSolution
		{3BE93F7F-01C4-4D40-9FA9-D21ED3D865F9}.Debug|Any CPU.ActiveCfg = Debug|Any CPU
		{3BE93F7F-01C4-4D40-9FA9-D21ED3D865F9}.Debug|Any CPU.Build.0 = Debug|Any CPU
		{3BE93F7F-01C4-4D40-9FA9-D21ED3D865F9}.Release|Any CPU.ActiveCfg = Release|Any CPU
		{3BE93F7F-01C4-4D40-9FA9-D21ED3D865F9}.Release|Any CPU.Build.0 = Release|Any CPU
		{3F25D98C-93D7-4D1F-8A4A-5DCEA1EC8D95}.Debug|Any CPU.ActiveCfg = Debug|Any CPU
		{3F25D98C-93D7-4D1F-8A4A-5DCEA1EC8D95}.Debug|Any CPU.Build.0 = Debug|Any CPU
		{3F25D98C-93D7-4D1F-8A4A-5DCEA1EC8D95}.Release|Any CPU.ActiveCfg = Release|Any CPU
		{3F25D98C-93D7-4D1F-8A4A-5DCEA1EC8D95}.Release|Any CPU.Build.0 = Release|Any CPU
	EndGlobalSection
	GlobalSection(SolutionProperties) = preSolution
		HideSolutionNode = FALSE
	EndGlobalSection
	GlobalSection(NestedProjects) = preSolution
		{3BE93F7F-01C4-4D40-9FA9-D21ED3D865F9} = {24EBAB5D-64B6-431D-B557-241FB778B87E}
		{3F25D98C-93D7-4D1F-8A4A-5DCEA1EC8D95} = {A053DEC3-4CA1-4312-8799-7EE53BB09C15}
	EndGlobalSection
	GlobalSection(ExtensibilityGlobals) = postSolution
		SolutionGuid = {A26D59AC-A4D4-454A-BD07-30BB2A11DD58}
	EndGlobalSection
EndGlobal
